// !$*UTF8*$!
{
	archiveVersion = 1;
	classes = {
	};
	objectVersion = 46;
	objects = {

/* Begin PBXBuildFile section */
		28488E071648046A005E1596 /* ui_texture.png in Resources */ = {isa = PBXBuildFile; fileRef = 28488E051648046A005E1596 /* ui_texture.png */; };
		28488E081648046A005E1596 /* ui_texture.plist in Resources */ = {isa = PBXBuildFile; fileRef = 28488E061648046A005E1596 /* ui_texture.plist */; };
		2874518A1647E11100875BF4 /* QuartzCore.framework in Frameworks */ = {isa = PBXBuildFile; fileRef = 287451891647E11100875BF4 /* QuartzCore.framework */; };
		2874518C1647E11100875BF4 /* OpenGLES.framework in Frameworks */ = {isa = PBXBuildFile; fileRef = 2874518B1647E11100875BF4 /* OpenGLES.framework */; };
		2874518E1647E11100875BF4 /* OpenAL.framework in Frameworks */ = {isa = PBXBuildFile; fileRef = 2874518D1647E11100875BF4 /* OpenAL.framework */; };
		287451901647E11100875BF4 /* AudioToolbox.framework in Frameworks */ = {isa = PBXBuildFile; fileRef = 2874518F1647E11100875BF4 /* AudioToolbox.framework */; };
		287451921647E11100875BF4 /* AVFoundation.framework in Frameworks */ = {isa = PBXBuildFile; fileRef = 287451911647E11100875BF4 /* AVFoundation.framework */; };
		287451941647E11100875BF4 /* UIKit.framework in Frameworks */ = {isa = PBXBuildFile; fileRef = 287451931647E11100875BF4 /* UIKit.framework */; };
		287451961647E11100875BF4 /* Foundation.framework in Frameworks */ = {isa = PBXBuildFile; fileRef = 287451951647E11100875BF4 /* Foundation.framework */; };
		287451981647E11100875BF4 /* CoreGraphics.framework in Frameworks */ = {isa = PBXBuildFile; fileRef = 287451971647E11100875BF4 /* CoreGraphics.framework */; };
		2874519C1647E11100875BF4 /* Default.png in Resources */ = {isa = PBXBuildFile; fileRef = 2874519B1647E11100875BF4 /* Default.png */; };
		2874519E1647E11100875BF4 /* fps_images.png in Resources */ = {isa = PBXBuildFile; fileRef = 2874519D1647E11100875BF4 /* fps_images.png */; };
		287451A01647E11100875BF4 /* Icon-72.png in Resources */ = {isa = PBXBuildFile; fileRef = 2874519F1647E11100875BF4 /* Icon-72.png */; };
		287451A21647E11100875BF4 /* Icon-Small-50.png in Resources */ = {isa = PBXBuildFile; fileRef = 287451A11647E11100875BF4 /* Icon-Small-50.png */; };
		287451A41647E11100875BF4 /* Icon-Small.png in Resources */ = {isa = PBXBuildFile; fileRef = 287451A31647E11100875BF4 /* Icon-Small.png */; };
		287451A61647E11100875BF4 /* Icon-Small@2x.png in Resources */ = {isa = PBXBuildFile; fileRef = 287451A51647E11100875BF4 /* Icon-Small@2x.png */; };
		287451A81647E11100875BF4 /* Icon.png in Resources */ = {isa = PBXBuildFile; fileRef = 287451A71647E11100875BF4 /* Icon.png */; };
		287451AA1647E11100875BF4 /* Icon@2x.png in Resources */ = {isa = PBXBuildFile; fileRef = 287451A91647E11100875BF4 /* Icon@2x.png */; };
		287451AD1647E11100875BF4 /* iTunesArtwork in Resources */ = {isa = PBXBuildFile; fileRef = 287451AC1647E11100875BF4 /* iTunesArtwork */; };
		287451B21647E11100875BF4 /* CCAction.m in Sources */ = {isa = PBXBuildFile; fileRef = 287451B11647E11100875BF4 /* CCAction.m */; };
		287451B51647E11100875BF4 /* CCActionCamera.m in Sources */ = {isa = PBXBuildFile; fileRef = 287451B41647E11100875BF4 /* CCActionCamera.m */; };
		287451B81647E11100875BF4 /* CCActionEase.m in Sources */ = {isa = PBXBuildFile; fileRef = 287451B71647E11100875BF4 /* CCActionEase.m */; };
		287451BB1647E11100875BF4 /* CCActionGrid.m in Sources */ = {isa = PBXBuildFile; fileRef = 287451BA1647E11100875BF4 /* CCActionGrid.m */; };
		287451BE1647E11100875BF4 /* CCActionGrid3D.m in Sources */ = {isa = PBXBuildFile; fileRef = 287451BD1647E11100875BF4 /* CCActionGrid3D.m */; };
		287451C11647E11100875BF4 /* CCActionInstant.m in Sources */ = {isa = PBXBuildFile; fileRef = 287451C01647E11100875BF4 /* CCActionInstant.m */; };
		287451C41647E11100875BF4 /* CCActionInterval.m in Sources */ = {isa = PBXBuildFile; fileRef = 287451C31647E11100875BF4 /* CCActionInterval.m */; };
		287451C71647E11100875BF4 /* CCActionManager.m in Sources */ = {isa = PBXBuildFile; fileRef = 287451C61647E11100875BF4 /* CCActionManager.m */; };
		287451CA1647E11200875BF4 /* CCActionPageTurn3D.m in Sources */ = {isa = PBXBuildFile; fileRef = 287451C91647E11200875BF4 /* CCActionPageTurn3D.m */; };
		287451CD1647E11200875BF4 /* CCActionProgressTimer.m in Sources */ = {isa = PBXBuildFile; fileRef = 287451CC1647E11200875BF4 /* CCActionProgressTimer.m */; };
		287451D01647E11200875BF4 /* CCActionTiledGrid.m in Sources */ = {isa = PBXBuildFile; fileRef = 287451CF1647E11200875BF4 /* CCActionTiledGrid.m */; };
		287451D31647E11200875BF4 /* CCActionTween.m in Sources */ = {isa = PBXBuildFile; fileRef = 287451D21647E11200875BF4 /* CCActionTween.m */; };
		287451D61647E11200875BF4 /* CCAnimation.m in Sources */ = {isa = PBXBuildFile; fileRef = 287451D51647E11200875BF4 /* CCAnimation.m */; };
		287451D91647E11200875BF4 /* CCAnimationCache.m in Sources */ = {isa = PBXBuildFile; fileRef = 287451D81647E11200875BF4 /* CCAnimationCache.m */; };
		287451DC1647E11200875BF4 /* CCAtlasNode.m in Sources */ = {isa = PBXBuildFile; fileRef = 287451DB1647E11200875BF4 /* CCAtlasNode.m */; };
		287451DF1647E11200875BF4 /* CCBlockSupport.m in Sources */ = {isa = PBXBuildFile; fileRef = 287451DE1647E11200875BF4 /* CCBlockSupport.m */; };
		287451E21647E11200875BF4 /* CCCamera.m in Sources */ = {isa = PBXBuildFile; fileRef = 287451E11647E11200875BF4 /* CCCamera.m */; };
		287451E61647E11200875BF4 /* CCConfiguration.m in Sources */ = {isa = PBXBuildFile; fileRef = 287451E51647E11200875BF4 /* CCConfiguration.m */; };
		287451E91647E11200875BF4 /* CCDirector.m in Sources */ = {isa = PBXBuildFile; fileRef = 287451E81647E11200875BF4 /* CCDirector.m */; };
		287451EC1647E11200875BF4 /* CCDrawingPrimitives.m in Sources */ = {isa = PBXBuildFile; fileRef = 287451EB1647E11200875BF4 /* CCDrawingPrimitives.m */; };
		287451EF1647E11200875BF4 /* CCGrabber.m in Sources */ = {isa = PBXBuildFile; fileRef = 287451EE1647E11200875BF4 /* CCGrabber.m */; };
		287451F21647E11200875BF4 /* CCGrid.m in Sources */ = {isa = PBXBuildFile; fileRef = 287451F11647E11200875BF4 /* CCGrid.m */; };
		287451F51647E11200875BF4 /* CCLabelAtlas.m in Sources */ = {isa = PBXBuildFile; fileRef = 287451F41647E11200875BF4 /* CCLabelAtlas.m */; };
		287451F81647E11200875BF4 /* CCLabelBMFont.m in Sources */ = {isa = PBXBuildFile; fileRef = 287451F71647E11200875BF4 /* CCLabelBMFont.m */; };
		287451FB1647E11200875BF4 /* CCLabelTTF.m in Sources */ = {isa = PBXBuildFile; fileRef = 287451FA1647E11200875BF4 /* CCLabelTTF.m */; };
		287451FE1647E11200875BF4 /* CCLayer.m in Sources */ = {isa = PBXBuildFile; fileRef = 287451FD1647E11200875BF4 /* CCLayer.m */; };
		287452021647E11200875BF4 /* CCMenu.m in Sources */ = {isa = PBXBuildFile; fileRef = 287452011647E11200875BF4 /* CCMenu.m */; };
		287452051647E11200875BF4 /* CCMenuItem.m in Sources */ = {isa = PBXBuildFile; fileRef = 287452041647E11200875BF4 /* CCMenuItem.m */; };
		287452081647E11200875BF4 /* CCMotionStreak.m in Sources */ = {isa = PBXBuildFile; fileRef = 287452071647E11200875BF4 /* CCMotionStreak.m */; };
		2874520B1647E11200875BF4 /* CCNode.m in Sources */ = {isa = PBXBuildFile; fileRef = 2874520A1647E11200875BF4 /* CCNode.m */; };
		2874520E1647E11200875BF4 /* CCParallaxNode.m in Sources */ = {isa = PBXBuildFile; fileRef = 2874520D1647E11200875BF4 /* CCParallaxNode.m */; };
		287452111647E11200875BF4 /* CCParticleExamples.m in Sources */ = {isa = PBXBuildFile; fileRef = 287452101647E11200875BF4 /* CCParticleExamples.m */; };
		287452141647E11300875BF4 /* CCParticleSystem.m in Sources */ = {isa = PBXBuildFile; fileRef = 287452131647E11300875BF4 /* CCParticleSystem.m */; };
		287452171647E11300875BF4 /* CCParticleSystemPoint.m in Sources */ = {isa = PBXBuildFile; fileRef = 287452161647E11300875BF4 /* CCParticleSystemPoint.m */; };
		2874521A1647E11300875BF4 /* CCParticleSystemQuad.m in Sources */ = {isa = PBXBuildFile; fileRef = 287452191647E11300875BF4 /* CCParticleSystemQuad.m */; };
		2874521D1647E11300875BF4 /* CCProgressTimer.m in Sources */ = {isa = PBXBuildFile; fileRef = 2874521C1647E11300875BF4 /* CCProgressTimer.m */; };
		287452211647E11300875BF4 /* CCRenderTexture.m in Sources */ = {isa = PBXBuildFile; fileRef = 287452201647E11300875BF4 /* CCRenderTexture.m */; };
		287452241647E11300875BF4 /* CCRibbon.m in Sources */ = {isa = PBXBuildFile; fileRef = 287452231647E11300875BF4 /* CCRibbon.m */; };
		287452271647E11300875BF4 /* CCScene.m in Sources */ = {isa = PBXBuildFile; fileRef = 287452261647E11300875BF4 /* CCScene.m */; };
		2874522A1647E11300875BF4 /* CCScheduler.m in Sources */ = {isa = PBXBuildFile; fileRef = 287452291647E11300875BF4 /* CCScheduler.m */; };
		2874522D1647E11300875BF4 /* CCSprite.m in Sources */ = {isa = PBXBuildFile; fileRef = 2874522C1647E11300875BF4 /* CCSprite.m */; };
		287452301647E11300875BF4 /* CCSpriteBatchNode.m in Sources */ = {isa = PBXBuildFile; fileRef = 2874522F1647E11300875BF4 /* CCSpriteBatchNode.m */; };
		287452331647E11300875BF4 /* CCSpriteFrame.m in Sources */ = {isa = PBXBuildFile; fileRef = 287452321647E11300875BF4 /* CCSpriteFrame.m */; };
		287452361647E11300875BF4 /* CCSpriteFrameCache.m in Sources */ = {isa = PBXBuildFile; fileRef = 287452351647E11300875BF4 /* CCSpriteFrameCache.m */; };
		287452391647E11300875BF4 /* CCTexture2D.m in Sources */ = {isa = PBXBuildFile; fileRef = 287452381647E11300875BF4 /* CCTexture2D.m */; };
		2874523C1647E11300875BF4 /* CCTextureAtlas.m in Sources */ = {isa = PBXBuildFile; fileRef = 2874523B1647E11300875BF4 /* CCTextureAtlas.m */; };
		2874523F1647E11300875BF4 /* CCTextureCache.m in Sources */ = {isa = PBXBuildFile; fileRef = 2874523E1647E11300875BF4 /* CCTextureCache.m */; };
		287452421647E11300875BF4 /* CCTexturePVR.m in Sources */ = {isa = PBXBuildFile; fileRef = 287452411647E11300875BF4 /* CCTexturePVR.m */; };
		287452451647E11300875BF4 /* CCTileMapAtlas.m in Sources */ = {isa = PBXBuildFile; fileRef = 287452441647E11300875BF4 /* CCTileMapAtlas.m */; };
		287452481647E11400875BF4 /* CCTMXLayer.m in Sources */ = {isa = PBXBuildFile; fileRef = 287452471647E11400875BF4 /* CCTMXLayer.m */; };
		2874524B1647E11400875BF4 /* CCTMXObjectGroup.m in Sources */ = {isa = PBXBuildFile; fileRef = 2874524A1647E11400875BF4 /* CCTMXObjectGroup.m */; };
		2874524E1647E11400875BF4 /* CCTMXTiledMap.m in Sources */ = {isa = PBXBuildFile; fileRef = 2874524D1647E11400875BF4 /* CCTMXTiledMap.m */; };
		287452511647E11400875BF4 /* CCTMXXMLParser.m in Sources */ = {isa = PBXBuildFile; fileRef = 287452501647E11400875BF4 /* CCTMXXMLParser.m */; };
		287452541647E11400875BF4 /* CCTransition.m in Sources */ = {isa = PBXBuildFile; fileRef = 287452531647E11400875BF4 /* CCTransition.m */; };
		287452571647E11400875BF4 /* CCTransitionPageTurn.m in Sources */ = {isa = PBXBuildFile; fileRef = 287452561647E11400875BF4 /* CCTransitionPageTurn.m */; };
		2874525A1647E11400875BF4 /* CCTransitionRadial.m in Sources */ = {isa = PBXBuildFile; fileRef = 287452591647E11400875BF4 /* CCTransitionRadial.m */; };
		2874525E1647E11400875BF4 /* cocos2d.m in Sources */ = {isa = PBXBuildFile; fileRef = 2874525D1647E11400875BF4 /* cocos2d.m */; };
		287452651647E11500875BF4 /* CCDirectorIOS.m in Sources */ = {isa = PBXBuildFile; fileRef = 287452641647E11500875BF4 /* CCDirectorIOS.m */; };
		287452691647E11500875BF4 /* CCTouchDispatcher.m in Sources */ = {isa = PBXBuildFile; fileRef = 287452681647E11500875BF4 /* CCTouchDispatcher.m */; };
		2874526C1647E11500875BF4 /* CCTouchHandler.m in Sources */ = {isa = PBXBuildFile; fileRef = 2874526B1647E11500875BF4 /* CCTouchHandler.m */; };
		2874526F1647E11500875BF4 /* EAGLView.m in Sources */ = {isa = PBXBuildFile; fileRef = 2874526E1647E11500875BF4 /* EAGLView.m */; };
		287452721647E11500875BF4 /* ES1Renderer.m in Sources */ = {isa = PBXBuildFile; fileRef = 287452711647E11500875BF4 /* ES1Renderer.m */; };
		287452751647E11500875BF4 /* glu.c in Sources */ = {isa = PBXBuildFile; fileRef = 287452741647E11500875BF4 /* glu.c */; };
		2874527A1647E11500875BF4 /* CCDirectorMac.m in Sources */ = {isa = PBXBuildFile; fileRef = 287452791647E11500875BF4 /* CCDirectorMac.m */; };
		2874527D1647E11500875BF4 /* CCEventDispatcher.m in Sources */ = {isa = PBXBuildFile; fileRef = 2874527C1647E11500875BF4 /* CCEventDispatcher.m */; };
		287452801647E11500875BF4 /* MacGLView.m in Sources */ = {isa = PBXBuildFile; fileRef = 2874527F1647E11500875BF4 /* MacGLView.m */; };
		287452831647E11500875BF4 /* MacWindow.m in Sources */ = {isa = PBXBuildFile; fileRef = 287452821647E11500875BF4 /* MacWindow.m */; };
		287452861647E11500875BF4 /* base64.c in Sources */ = {isa = PBXBuildFile; fileRef = 287452851647E11500875BF4 /* base64.c */; };
		2874528A1647E11600875BF4 /* CCArray.m in Sources */ = {isa = PBXBuildFile; fileRef = 287452891647E11600875BF4 /* CCArray.m */; };
		2874528E1647E11600875BF4 /* CCFileUtils.m in Sources */ = {isa = PBXBuildFile; fileRef = 2874528D1647E11600875BF4 /* CCFileUtils.m */; };
		287452911647E11600875BF4 /* CCProfiling.m in Sources */ = {isa = PBXBuildFile; fileRef = 287452901647E11600875BF4 /* CCProfiling.m */; };
		287452931647E11600875BF4 /* ccUtils.c in Sources */ = {isa = PBXBuildFile; fileRef = 287452921647E11600875BF4 /* ccUtils.c */; };
		287452971647E11600875BF4 /* CGPointExtension.m in Sources */ = {isa = PBXBuildFile; fileRef = 287452961647E11600875BF4 /* CGPointExtension.m */; };
		2874529B1647E11700875BF4 /* TGAlib.m in Sources */ = {isa = PBXBuildFile; fileRef = 2874529A1647E11700875BF4 /* TGAlib.m */; };
		2874529E1647E11700875BF4 /* TransformUtils.m in Sources */ = {isa = PBXBuildFile; fileRef = 2874529D1647E11700875BF4 /* TransformUtils.m */; };
		287452A31647E11700875BF4 /* ZipUtils.m in Sources */ = {isa = PBXBuildFile; fileRef = 287452A21647E11700875BF4 /* ZipUtils.m */; };
		287452A81647E11700875BF4 /* CDAudioManager.m in Sources */ = {isa = PBXBuildFile; fileRef = 287452A71647E11700875BF4 /* CDAudioManager.m */; };
		287452AC1647E11800875BF4 /* CDOpenALSupport.m in Sources */ = {isa = PBXBuildFile; fileRef = 287452AB1647E11800875BF4 /* CDOpenALSupport.m */; };
		287452AF1647E11800875BF4 /* CocosDenshion.m in Sources */ = {isa = PBXBuildFile; fileRef = 287452AE1647E11800875BF4 /* CocosDenshion.m */; };
		287452B21647E11800875BF4 /* SimpleAudioEngine.m in Sources */ = {isa = PBXBuildFile; fileRef = 287452B11647E11800875BF4 /* SimpleAudioEngine.m */; };
		287452B71647E11900875BF4 /* CLScoreServerPost.m in Sources */ = {isa = PBXBuildFile; fileRef = 287452B61647E11900875BF4 /* CLScoreServerPost.m */; };
		287452BA1647E11900875BF4 /* CLScoreServerRequest.m in Sources */ = {isa = PBXBuildFile; fileRef = 287452B91647E11900875BF4 /* CLScoreServerRequest.m */; };
		287452BD1647E11900875BF4 /* cocoslive.m in Sources */ = {isa = PBXBuildFile; fileRef = 287452BC1647E11900875BF4 /* cocoslive.m */; };
		287452C21647E11900875BF4 /* CDataScanner.m in Sources */ = {isa = PBXBuildFile; fileRef = 287452C11647E11900875BF4 /* CDataScanner.m */; };
		287452C61647E11900875BF4 /* CDataScanner_Extensions.m in Sources */ = {isa = PBXBuildFile; fileRef = 287452C51647E11900875BF4 /* CDataScanner_Extensions.m */; };
		287452C91647E11900875BF4 /* NSDictionary_JSONExtensions.m in Sources */ = {isa = PBXBuildFile; fileRef = 287452C81647E11900875BF4 /* NSDictionary_JSONExtensions.m */; };
		287452CD1647E11B00875BF4 /* CJSONDeserializer.m in Sources */ = {isa = PBXBuildFile; fileRef = 287452CC1647E11B00875BF4 /* CJSONDeserializer.m */; };
		287452D01647E11E00875BF4 /* CJSONScanner.m in Sources */ = {isa = PBXBuildFile; fileRef = 287452CF1647E11E00875BF4 /* CJSONScanner.m */; };
		287452D31647E11E00875BF4 /* CJSONSerializer.m in Sources */ = {isa = PBXBuildFile; fileRef = 287452D21647E11E00875BF4 /* CJSONSerializer.m */; };
		287452D81647E11F00875BF4 /* FontLabel.m in Sources */ = {isa = PBXBuildFile; fileRef = 287452D71647E11F00875BF4 /* FontLabel.m */; };
		287452DB1647E12100875BF4 /* FontLabelStringDrawing.m in Sources */ = {isa = PBXBuildFile; fileRef = 287452DA1647E12100875BF4 /* FontLabelStringDrawing.m */; };
		287452DE1647E12100875BF4 /* FontManager.m in Sources */ = {isa = PBXBuildFile; fileRef = 287452DD1647E12100875BF4 /* FontManager.m */; };
		287452E11647E12100875BF4 /* ZAttributedString.m in Sources */ = {isa = PBXBuildFile; fileRef = 287452E01647E12100875BF4 /* ZAttributedString.m */; };
		287452E51647E12200875BF4 /* ZFont.m in Sources */ = {isa = PBXBuildFile; fileRef = 287452E41647E12200875BF4 /* ZFont.m */; };
		287452EA1647E12400875BF4 /* main.m in Sources */ = {isa = PBXBuildFile; fileRef = 287452E91647E12400875BF4 /* main.m */; };
		287452ED1647E12500875BF4 /* AppDelegate.m in Sources */ = {isa = PBXBuildFile; fileRef = 287452EC1647E12500875BF4 /* AppDelegate.m */; };
		287452F01647E12600875BF4 /* RootViewController.m in Sources */ = {isa = PBXBuildFile; fileRef = 287452EF1647E12600875BF4 /* RootViewController.m */; };
		287452F31647E12600875BF4 /* HelloWorldLayer.m in Sources */ = {isa = PBXBuildFile; fileRef = 287452F21647E12600875BF4 /* HelloWorldLayer.m */; };
		28745315164802C300875BF4 /* CCTexture2DMutable.m in Sources */ = {isa = PBXBuildFile; fileRef = 287453101647FE9900875BF4 /* CCTexture2DMutable.m */; };
		28C27D9F16494274001BD363 /* CCSprite+FadeToGrayAction.m in Sources */ = {isa = PBXBuildFile; fileRef = 28C27D9E16494274001BD363 /* CCSprite+FadeToGrayAction.m */; };
		64FD1A2916648197009C4593 /* NTFadeToGrayAction.m in Sources */ = {isa = PBXBuildFile; fileRef = 64FD1A2816648197009C4593 /* NTFadeToGrayAction.m */; };
/* End PBXBuildFile section */

/* Begin PBXFileReference section */
		28488E051648046A005E1596 /* ui_texture.png */ = {isa = PBXFileReference; lastKnownFileType = image.png; path = ui_texture.png; sourceTree = "<group>"; };
		28488E061648046A005E1596 /* ui_texture.plist */ = {isa = PBXFileReference; fileEncoding = 4; lastKnownFileType = text.plist.xml; path = ui_texture.plist; sourceTree = "<group>"; };
		287451851647E11100875BF4 /* TextureMotify.app */ = {isa = PBXFileReference; explicitFileType = wrapper.application; includeInIndex = 0; path = TextureMotify.app; sourceTree = BUILT_PRODUCTS_DIR; };
		287451891647E11100875BF4 /* QuartzCore.framework */ = {isa = PBXFileReference; lastKnownFileType = wrapper.framework; name = QuartzCore.framework; path = System/Library/Frameworks/QuartzCore.framework; sourceTree = SDKROOT; };
		2874518B1647E11100875BF4 /* OpenGLES.framework */ = {isa = PBXFileReference; lastKnownFileType = wrapper.framework; name = OpenGLES.framework; path = System/Library/Frameworks/OpenGLES.framework; sourceTree = SDKROOT; };
		2874518D1647E11100875BF4 /* OpenAL.framework */ = {isa = PBXFileReference; lastKnownFileType = wrapper.framework; name = OpenAL.framework; path = System/Library/Frameworks/OpenAL.framework; sourceTree = SDKROOT; };
		2874518F1647E11100875BF4 /* AudioToolbox.framework */ = {isa = PBXFileReference; lastKnownFileType = wrapper.framework; name = AudioToolbox.framework; path = System/Library/Frameworks/AudioToolbox.framework; sourceTree = SDKROOT; };
		287451911647E11100875BF4 /* AVFoundation.framework */ = {isa = PBXFileReference; lastKnownFileType = wrapper.framework; name = AVFoundation.framework; path = System/Library/Frameworks/AVFoundation.framework; sourceTree = SDKROOT; };
		287451931647E11100875BF4 /* UIKit.framework */ = {isa = PBXFileReference; lastKnownFileType = wrapper.framework; name = UIKit.framework; path = System/Library/Frameworks/UIKit.framework; sourceTree = SDKROOT; };
		287451951647E11100875BF4 /* Foundation.framework */ = {isa = PBXFileReference; lastKnownFileType = wrapper.framework; name = Foundation.framework; path = System/Library/Frameworks/Foundation.framework; sourceTree = SDKROOT; };
		287451971647E11100875BF4 /* CoreGraphics.framework */ = {isa = PBXFileReference; lastKnownFileType = wrapper.framework; name = CoreGraphics.framework; path = System/Library/Frameworks/CoreGraphics.framework; sourceTree = SDKROOT; };
		2874519B1647E11100875BF4 /* Default.png */ = {isa = PBXFileReference; lastKnownFileType = image.png; name = Default.png; path = Resources/Default.png; sourceTree = "<group>"; };
		2874519D1647E11100875BF4 /* fps_images.png */ = {isa = PBXFileReference; lastKnownFileType = image.png; name = fps_images.png; path = Resources/fps_images.png; sourceTree = "<group>"; };
		2874519F1647E11100875BF4 /* Icon-72.png */ = {isa = PBXFileReference; lastKnownFileType = image.png; name = "Icon-72.png"; path = "Resources/Icon-72.png"; sourceTree = "<group>"; };
		287451A11647E11100875BF4 /* Icon-Small-50.png */ = {isa = PBXFileReference; lastKnownFileType = image.png; name = "Icon-Small-50.png"; path = "Resources/Icon-Small-50.png"; sourceTree = "<group>"; };
		287451A31647E11100875BF4 /* Icon-Small.png */ = {isa = PBXFileReference; lastKnownFileType = image.png; name = "Icon-Small.png"; path = "Resources/Icon-Small.png"; sourceTree = "<group>"; };
		287451A51647E11100875BF4 /* Icon-Small@2x.png */ = {isa = PBXFileReference; lastKnownFileType = image.png; name = "Icon-Small@2x.png"; path = "Resources/Icon-Small@2x.png"; sourceTree = "<group>"; };
		287451A71647E11100875BF4 /* Icon.png */ = {isa = PBXFileReference; lastKnownFileType = image.png; name = Icon.png; path = Resources/Icon.png; sourceTree = "<group>"; };
		287451A91647E11100875BF4 /* Icon@2x.png */ = {isa = PBXFileReference; lastKnownFileType = image.png; name = "Icon@2x.png"; path = "Resources/Icon@2x.png"; sourceTree = "<group>"; };
		287451AB1647E11100875BF4 /* Info.plist */ = {isa = PBXFileReference; lastKnownFileType = text.plist.xml; name = Info.plist; path = Resources/Info.plist; sourceTree = "<group>"; };
		287451AC1647E11100875BF4 /* iTunesArtwork */ = {isa = PBXFileReference; lastKnownFileType = file; name = iTunesArtwork; path = Resources/iTunesArtwork; sourceTree = "<group>"; };
		287451B01647E11100875BF4 /* CCAction.h */ = {isa = PBXFileReference; lastKnownFileType = sourcecode.c.h; name = CCAction.h; path = libs/cocos2d/CCAction.h; sourceTree = "<group>"; };
		287451B11647E11100875BF4 /* CCAction.m */ = {isa = PBXFileReference; lastKnownFileType = sourcecode.c.objc; name = CCAction.m; path = libs/cocos2d/CCAction.m; sourceTree = "<group>"; };
		287451B31647E11100875BF4 /* CCActionCamera.h */ = {isa = PBXFileReference; lastKnownFileType = sourcecode.c.h; name = CCActionCamera.h; path = libs/cocos2d/CCActionCamera.h; sourceTree = "<group>"; };
		287451B41647E11100875BF4 /* CCActionCamera.m */ = {isa = PBXFileReference; lastKnownFileType = sourcecode.c.objc; name = CCActionCamera.m; path = libs/cocos2d/CCActionCamera.m; sourceTree = "<group>"; };
		287451B61647E11100875BF4 /* CCActionEase.h */ = {isa = PBXFileReference; lastKnownFileType = sourcecode.c.h; name = CCActionEase.h; path = libs/cocos2d/CCActionEase.h; sourceTree = "<group>"; };
		287451B71647E11100875BF4 /* CCActionEase.m */ = {isa = PBXFileReference; lastKnownFileType = sourcecode.c.objc; name = CCActionEase.m; path = libs/cocos2d/CCActionEase.m; sourceTree = "<group>"; };
		287451B91647E11100875BF4 /* CCActionGrid.h */ = {isa = PBXFileReference; lastKnownFileType = sourcecode.c.h; name = CCActionGrid.h; path = libs/cocos2d/CCActionGrid.h; sourceTree = "<group>"; };
		287451BA1647E11100875BF4 /* CCActionGrid.m */ = {isa = PBXFileReference; lastKnownFileType = sourcecode.c.objc; name = CCActionGrid.m; path = libs/cocos2d/CCActionGrid.m; sourceTree = "<group>"; };
		287451BC1647E11100875BF4 /* CCActionGrid3D.h */ = {isa = PBXFileReference; lastKnownFileType = sourcecode.c.h; name = CCActionGrid3D.h; path = libs/cocos2d/CCActionGrid3D.h; sourceTree = "<group>"; };
		287451BD1647E11100875BF4 /* CCActionGrid3D.m */ = {isa = PBXFileReference; lastKnownFileType = sourcecode.c.objc; name = CCActionGrid3D.m; path = libs/cocos2d/CCActionGrid3D.m; sourceTree = "<group>"; };
		287451BF1647E11100875BF4 /* CCActionInstant.h */ = {isa = PBXFileReference; lastKnownFileType = sourcecode.c.h; name = CCActionInstant.h; path = libs/cocos2d/CCActionInstant.h; sourceTree = "<group>"; };
		287451C01647E11100875BF4 /* CCActionInstant.m */ = {isa = PBXFileReference; lastKnownFileType = sourcecode.c.objc; name = CCActionInstant.m; path = libs/cocos2d/CCActionInstant.m; sourceTree = "<group>"; };
		287451C21647E11100875BF4 /* CCActionInterval.h */ = {isa = PBXFileReference; lastKnownFileType = sourcecode.c.h; name = CCActionInterval.h; path = libs/cocos2d/CCActionInterval.h; sourceTree = "<group>"; };
		287451C31647E11100875BF4 /* CCActionInterval.m */ = {isa = PBXFileReference; lastKnownFileType = sourcecode.c.objc; name = CCActionInterval.m; path = libs/cocos2d/CCActionInterval.m; sourceTree = "<group>"; };
		287451C51647E11100875BF4 /* CCActionManager.h */ = {isa = PBXFileReference; lastKnownFileType = sourcecode.c.h; name = CCActionManager.h; path = libs/cocos2d/CCActionManager.h; sourceTree = "<group>"; };
		287451C61647E11100875BF4 /* CCActionManager.m */ = {isa = PBXFileReference; lastKnownFileType = sourcecode.c.objc; name = CCActionManager.m; path = libs/cocos2d/CCActionManager.m; sourceTree = "<group>"; };
		287451C81647E11100875BF4 /* CCActionPageTurn3D.h */ = {isa = PBXFileReference; lastKnownFileType = sourcecode.c.h; name = CCActionPageTurn3D.h; path = libs/cocos2d/CCActionPageTurn3D.h; sourceTree = "<group>"; };
		287451C91647E11200875BF4 /* CCActionPageTurn3D.m */ = {isa = PBXFileReference; lastKnownFileType = sourcecode.c.objc; name = CCActionPageTurn3D.m; path = libs/cocos2d/CCActionPageTurn3D.m; sourceTree = "<group>"; };
		287451CB1647E11200875BF4 /* CCActionProgressTimer.h */ = {isa = PBXFileReference; lastKnownFileType = sourcecode.c.h; name = CCActionProgressTimer.h; path = libs/cocos2d/CCActionProgressTimer.h; sourceTree = "<group>"; };
		287451CC1647E11200875BF4 /* CCActionProgressTimer.m */ = {isa = PBXFileReference; lastKnownFileType = sourcecode.c.objc; name = CCActionProgressTimer.m; path = libs/cocos2d/CCActionProgressTimer.m; sourceTree = "<group>"; };
		287451CE1647E11200875BF4 /* CCActionTiledGrid.h */ = {isa = PBXFileReference; lastKnownFileType = sourcecode.c.h; name = CCActionTiledGrid.h; path = libs/cocos2d/CCActionTiledGrid.h; sourceTree = "<group>"; };
		287451CF1647E11200875BF4 /* CCActionTiledGrid.m */ = {isa = PBXFileReference; lastKnownFileType = sourcecode.c.objc; name = CCActionTiledGrid.m; path = libs/cocos2d/CCActionTiledGrid.m; sourceTree = "<group>"; };
		287451D11647E11200875BF4 /* CCActionTween.h */ = {isa = PBXFileReference; lastKnownFileType = sourcecode.c.h; name = CCActionTween.h; path = libs/cocos2d/CCActionTween.h; sourceTree = "<group>"; };
		287451D21647E11200875BF4 /* CCActionTween.m */ = {isa = PBXFileReference; lastKnownFileType = sourcecode.c.objc; name = CCActionTween.m; path = libs/cocos2d/CCActionTween.m; sourceTree = "<group>"; };
		287451D41647E11200875BF4 /* CCAnimation.h */ = {isa = PBXFileReference; lastKnownFileType = sourcecode.c.h; name = CCAnimation.h; path = libs/cocos2d/CCAnimation.h; sourceTree = "<group>"; };
		287451D51647E11200875BF4 /* CCAnimation.m */ = {isa = PBXFileReference; lastKnownFileType = sourcecode.c.objc; name = CCAnimation.m; path = libs/cocos2d/CCAnimation.m; sourceTree = "<group>"; };
		287451D71647E11200875BF4 /* CCAnimationCache.h */ = {isa = PBXFileReference; lastKnownFileType = sourcecode.c.h; name = CCAnimationCache.h; path = libs/cocos2d/CCAnimationCache.h; sourceTree = "<group>"; };
		287451D81647E11200875BF4 /* CCAnimationCache.m */ = {isa = PBXFileReference; lastKnownFileType = sourcecode.c.objc; name = CCAnimationCache.m; path = libs/cocos2d/CCAnimationCache.m; sourceTree = "<group>"; };
		287451DA1647E11200875BF4 /* CCAtlasNode.h */ = {isa = PBXFileReference; lastKnownFileType = sourcecode.c.h; name = CCAtlasNode.h; path = libs/cocos2d/CCAtlasNode.h; sourceTree = "<group>"; };
		287451DB1647E11200875BF4 /* CCAtlasNode.m */ = {isa = PBXFileReference; lastKnownFileType = sourcecode.c.objc; name = CCAtlasNode.m; path = libs/cocos2d/CCAtlasNode.m; sourceTree = "<group>"; };
		287451DD1647E11200875BF4 /* CCBlockSupport.h */ = {isa = PBXFileReference; lastKnownFileType = sourcecode.c.h; name = CCBlockSupport.h; path = libs/cocos2d/CCBlockSupport.h; sourceTree = "<group>"; };
		287451DE1647E11200875BF4 /* CCBlockSupport.m */ = {isa = PBXFileReference; lastKnownFileType = sourcecode.c.objc; name = CCBlockSupport.m; path = libs/cocos2d/CCBlockSupport.m; sourceTree = "<group>"; };
		287451E01647E11200875BF4 /* CCCamera.h */ = {isa = PBXFileReference; lastKnownFileType = sourcecode.c.h; name = CCCamera.h; path = libs/cocos2d/CCCamera.h; sourceTree = "<group>"; };
		287451E11647E11200875BF4 /* CCCamera.m */ = {isa = PBXFileReference; lastKnownFileType = sourcecode.c.objc; name = CCCamera.m; path = libs/cocos2d/CCCamera.m; sourceTree = "<group>"; };
		287451E31647E11200875BF4 /* ccConfig.h */ = {isa = PBXFileReference; lastKnownFileType = sourcecode.c.h; name = ccConfig.h; path = libs/cocos2d/ccConfig.h; sourceTree = "<group>"; };
		287451E41647E11200875BF4 /* CCConfiguration.h */ = {isa = PBXFileReference; lastKnownFileType = sourcecode.c.h; name = CCConfiguration.h; path = libs/cocos2d/CCConfiguration.h; sourceTree = "<group>"; };
		287451E51647E11200875BF4 /* CCConfiguration.m */ = {isa = PBXFileReference; lastKnownFileType = sourcecode.c.objc; name = CCConfiguration.m; path = libs/cocos2d/CCConfiguration.m; sourceTree = "<group>"; };
		287451E71647E11200875BF4 /* CCDirector.h */ = {isa = PBXFileReference; lastKnownFileType = sourcecode.c.h; name = CCDirector.h; path = libs/cocos2d/CCDirector.h; sourceTree = "<group>"; };
		287451E81647E11200875BF4 /* CCDirector.m */ = {isa = PBXFileReference; lastKnownFileType = sourcecode.c.objc; name = CCDirector.m; path = libs/cocos2d/CCDirector.m; sourceTree = "<group>"; };
		287451EA1647E11200875BF4 /* CCDrawingPrimitives.h */ = {isa = PBXFileReference; lastKnownFileType = sourcecode.c.h; name = CCDrawingPrimitives.h; path = libs/cocos2d/CCDrawingPrimitives.h; sourceTree = "<group>"; };
		287451EB1647E11200875BF4 /* CCDrawingPrimitives.m */ = {isa = PBXFileReference; lastKnownFileType = sourcecode.c.objc; name = CCDrawingPrimitives.m; path = libs/cocos2d/CCDrawingPrimitives.m; sourceTree = "<group>"; };
		287451ED1647E11200875BF4 /* CCGrabber.h */ = {isa = PBXFileReference; lastKnownFileType = sourcecode.c.h; name = CCGrabber.h; path = libs/cocos2d/CCGrabber.h; sourceTree = "<group>"; };
		287451EE1647E11200875BF4 /* CCGrabber.m */ = {isa = PBXFileReference; lastKnownFileType = sourcecode.c.objc; name = CCGrabber.m; path = libs/cocos2d/CCGrabber.m; sourceTree = "<group>"; };
		287451F01647E11200875BF4 /* CCGrid.h */ = {isa = PBXFileReference; lastKnownFileType = sourcecode.c.h; name = CCGrid.h; path = libs/cocos2d/CCGrid.h; sourceTree = "<group>"; };
		287451F11647E11200875BF4 /* CCGrid.m */ = {isa = PBXFileReference; lastKnownFileType = sourcecode.c.objc; name = CCGrid.m; path = libs/cocos2d/CCGrid.m; sourceTree = "<group>"; };
		287451F31647E11200875BF4 /* CCLabelAtlas.h */ = {isa = PBXFileReference; lastKnownFileType = sourcecode.c.h; name = CCLabelAtlas.h; path = libs/cocos2d/CCLabelAtlas.h; sourceTree = "<group>"; };
		287451F41647E11200875BF4 /* CCLabelAtlas.m */ = {isa = PBXFileReference; lastKnownFileType = sourcecode.c.objc; name = CCLabelAtlas.m; path = libs/cocos2d/CCLabelAtlas.m; sourceTree = "<group>"; };
		287451F61647E11200875BF4 /* CCLabelBMFont.h */ = {isa = PBXFileReference; lastKnownFileType = sourcecode.c.h; name = CCLabelBMFont.h; path = libs/cocos2d/CCLabelBMFont.h; sourceTree = "<group>"; };
		287451F71647E11200875BF4 /* CCLabelBMFont.m */ = {isa = PBXFileReference; lastKnownFileType = sourcecode.c.objc; name = CCLabelBMFont.m; path = libs/cocos2d/CCLabelBMFont.m; sourceTree = "<group>"; };
		287451F91647E11200875BF4 /* CCLabelTTF.h */ = {isa = PBXFileReference; lastKnownFileType = sourcecode.c.h; name = CCLabelTTF.h; path = libs/cocos2d/CCLabelTTF.h; sourceTree = "<group>"; };
		287451FA1647E11200875BF4 /* CCLabelTTF.m */ = {isa = PBXFileReference; lastKnownFileType = sourcecode.c.objc; name = CCLabelTTF.m; path = libs/cocos2d/CCLabelTTF.m; sourceTree = "<group>"; };
		287451FC1647E11200875BF4 /* CCLayer.h */ = {isa = PBXFileReference; lastKnownFileType = sourcecode.c.h; name = CCLayer.h; path = libs/cocos2d/CCLayer.h; sourceTree = "<group>"; };
		287451FD1647E11200875BF4 /* CCLayer.m */ = {isa = PBXFileReference; lastKnownFileType = sourcecode.c.objc; name = CCLayer.m; path = libs/cocos2d/CCLayer.m; sourceTree = "<group>"; };
		287451FF1647E11200875BF4 /* ccMacros.h */ = {isa = PBXFileReference; lastKnownFileType = sourcecode.c.h; name = ccMacros.h; path = libs/cocos2d/ccMacros.h; sourceTree = "<group>"; };
		287452001647E11200875BF4 /* CCMenu.h */ = {isa = PBXFileReference; lastKnownFileType = sourcecode.c.h; name = CCMenu.h; path = libs/cocos2d/CCMenu.h; sourceTree = "<group>"; };
		287452011647E11200875BF4 /* CCMenu.m */ = {isa = PBXFileReference; lastKnownFileType = sourcecode.c.objc; name = CCMenu.m; path = libs/cocos2d/CCMenu.m; sourceTree = "<group>"; };
		287452031647E11200875BF4 /* CCMenuItem.h */ = {isa = PBXFileReference; lastKnownFileType = sourcecode.c.h; name = CCMenuItem.h; path = libs/cocos2d/CCMenuItem.h; sourceTree = "<group>"; };
		287452041647E11200875BF4 /* CCMenuItem.m */ = {isa = PBXFileReference; lastKnownFileType = sourcecode.c.objc; name = CCMenuItem.m; path = libs/cocos2d/CCMenuItem.m; sourceTree = "<group>"; };
		287452061647E11200875BF4 /* CCMotionStreak.h */ = {isa = PBXFileReference; lastKnownFileType = sourcecode.c.h; name = CCMotionStreak.h; path = libs/cocos2d/CCMotionStreak.h; sourceTree = "<group>"; };
		287452071647E11200875BF4 /* CCMotionStreak.m */ = {isa = PBXFileReference; lastKnownFileType = sourcecode.c.objc; name = CCMotionStreak.m; path = libs/cocos2d/CCMotionStreak.m; sourceTree = "<group>"; };
		287452091647E11200875BF4 /* CCNode.h */ = {isa = PBXFileReference; lastKnownFileType = sourcecode.c.h; name = CCNode.h; path = libs/cocos2d/CCNode.h; sourceTree = "<group>"; };
		2874520A1647E11200875BF4 /* CCNode.m */ = {isa = PBXFileReference; lastKnownFileType = sourcecode.c.objc; name = CCNode.m; path = libs/cocos2d/CCNode.m; sourceTree = "<group>"; };
		2874520C1647E11200875BF4 /* CCParallaxNode.h */ = {isa = PBXFileReference; lastKnownFileType = sourcecode.c.h; name = CCParallaxNode.h; path = libs/cocos2d/CCParallaxNode.h; sourceTree = "<group>"; };
		2874520D1647E11200875BF4 /* CCParallaxNode.m */ = {isa = PBXFileReference; lastKnownFileType = sourcecode.c.objc; name = CCParallaxNode.m; path = libs/cocos2d/CCParallaxNode.m; sourceTree = "<group>"; };
		2874520F1647E11200875BF4 /* CCParticleExamples.h */ = {isa = PBXFileReference; lastKnownFileType = sourcecode.c.h; name = CCParticleExamples.h; path = libs/cocos2d/CCParticleExamples.h; sourceTree = "<group>"; };
		287452101647E11200875BF4 /* CCParticleExamples.m */ = {isa = PBXFileReference; lastKnownFileType = sourcecode.c.objc; name = CCParticleExamples.m; path = libs/cocos2d/CCParticleExamples.m; sourceTree = "<group>"; };
		287452121647E11200875BF4 /* CCParticleSystem.h */ = {isa = PBXFileReference; lastKnownFileType = sourcecode.c.h; name = CCParticleSystem.h; path = libs/cocos2d/CCParticleSystem.h; sourceTree = "<group>"; };
		287452131647E11300875BF4 /* CCParticleSystem.m */ = {isa = PBXFileReference; lastKnownFileType = sourcecode.c.objc; name = CCParticleSystem.m; path = libs/cocos2d/CCParticleSystem.m; sourceTree = "<group>"; };
		287452151647E11300875BF4 /* CCParticleSystemPoint.h */ = {isa = PBXFileReference; lastKnownFileType = sourcecode.c.h; name = CCParticleSystemPoint.h; path = libs/cocos2d/CCParticleSystemPoint.h; sourceTree = "<group>"; };
		287452161647E11300875BF4 /* CCParticleSystemPoint.m */ = {isa = PBXFileReference; lastKnownFileType = sourcecode.c.objc; name = CCParticleSystemPoint.m; path = libs/cocos2d/CCParticleSystemPoint.m; sourceTree = "<group>"; };
		287452181647E11300875BF4 /* CCParticleSystemQuad.h */ = {isa = PBXFileReference; lastKnownFileType = sourcecode.c.h; name = CCParticleSystemQuad.h; path = libs/cocos2d/CCParticleSystemQuad.h; sourceTree = "<group>"; };
		287452191647E11300875BF4 /* CCParticleSystemQuad.m */ = {isa = PBXFileReference; lastKnownFileType = sourcecode.c.objc; name = CCParticleSystemQuad.m; path = libs/cocos2d/CCParticleSystemQuad.m; sourceTree = "<group>"; };
		2874521B1647E11300875BF4 /* CCProgressTimer.h */ = {isa = PBXFileReference; lastKnownFileType = sourcecode.c.h; name = CCProgressTimer.h; path = libs/cocos2d/CCProgressTimer.h; sourceTree = "<group>"; };
		2874521C1647E11300875BF4 /* CCProgressTimer.m */ = {isa = PBXFileReference; lastKnownFileType = sourcecode.c.objc; name = CCProgressTimer.m; path = libs/cocos2d/CCProgressTimer.m; sourceTree = "<group>"; };
		2874521E1647E11300875BF4 /* CCProtocols.h */ = {isa = PBXFileReference; lastKnownFileType = sourcecode.c.h; name = CCProtocols.h; path = libs/cocos2d/CCProtocols.h; sourceTree = "<group>"; };
		2874521F1647E11300875BF4 /* CCRenderTexture.h */ = {isa = PBXFileReference; lastKnownFileType = sourcecode.c.h; name = CCRenderTexture.h; path = libs/cocos2d/CCRenderTexture.h; sourceTree = "<group>"; };
		287452201647E11300875BF4 /* CCRenderTexture.m */ = {isa = PBXFileReference; lastKnownFileType = sourcecode.c.objc; name = CCRenderTexture.m; path = libs/cocos2d/CCRenderTexture.m; sourceTree = "<group>"; };
		287452221647E11300875BF4 /* CCRibbon.h */ = {isa = PBXFileReference; lastKnownFileType = sourcecode.c.h; name = CCRibbon.h; path = libs/cocos2d/CCRibbon.h; sourceTree = "<group>"; };
		287452231647E11300875BF4 /* CCRibbon.m */ = {isa = PBXFileReference; lastKnownFileType = sourcecode.c.objc; name = CCRibbon.m; path = libs/cocos2d/CCRibbon.m; sourceTree = "<group>"; };
		287452251647E11300875BF4 /* CCScene.h */ = {isa = PBXFileReference; lastKnownFileType = sourcecode.c.h; name = CCScene.h; path = libs/cocos2d/CCScene.h; sourceTree = "<group>"; };
		287452261647E11300875BF4 /* CCScene.m */ = {isa = PBXFileReference; lastKnownFileType = sourcecode.c.objc; name = CCScene.m; path = libs/cocos2d/CCScene.m; sourceTree = "<group>"; };
		287452281647E11300875BF4 /* CCScheduler.h */ = {isa = PBXFileReference; lastKnownFileType = sourcecode.c.h; name = CCScheduler.h; path = libs/cocos2d/CCScheduler.h; sourceTree = "<group>"; };
		287452291647E11300875BF4 /* CCScheduler.m */ = {isa = PBXFileReference; lastKnownFileType = sourcecode.c.objc; name = CCScheduler.m; path = libs/cocos2d/CCScheduler.m; sourceTree = "<group>"; };
		2874522B1647E11300875BF4 /* CCSprite.h */ = {isa = PBXFileReference; lastKnownFileType = sourcecode.c.h; name = CCSprite.h; path = libs/cocos2d/CCSprite.h; sourceTree = "<group>"; };
		2874522C1647E11300875BF4 /* CCSprite.m */ = {isa = PBXFileReference; lastKnownFileType = sourcecode.c.objc; name = CCSprite.m; path = libs/cocos2d/CCSprite.m; sourceTree = "<group>"; };
		2874522E1647E11300875BF4 /* CCSpriteBatchNode.h */ = {isa = PBXFileReference; lastKnownFileType = sourcecode.c.h; name = CCSpriteBatchNode.h; path = libs/cocos2d/CCSpriteBatchNode.h; sourceTree = "<group>"; };
		2874522F1647E11300875BF4 /* CCSpriteBatchNode.m */ = {isa = PBXFileReference; lastKnownFileType = sourcecode.c.objc; name = CCSpriteBatchNode.m; path = libs/cocos2d/CCSpriteBatchNode.m; sourceTree = "<group>"; };
		287452311647E11300875BF4 /* CCSpriteFrame.h */ = {isa = PBXFileReference; lastKnownFileType = sourcecode.c.h; name = CCSpriteFrame.h; path = libs/cocos2d/CCSpriteFrame.h; sourceTree = "<group>"; };
		287452321647E11300875BF4 /* CCSpriteFrame.m */ = {isa = PBXFileReference; lastKnownFileType = sourcecode.c.objc; name = CCSpriteFrame.m; path = libs/cocos2d/CCSpriteFrame.m; sourceTree = "<group>"; };
		287452341647E11300875BF4 /* CCSpriteFrameCache.h */ = {isa = PBXFileReference; lastKnownFileType = sourcecode.c.h; name = CCSpriteFrameCache.h; path = libs/cocos2d/CCSpriteFrameCache.h; sourceTree = "<group>"; };
		287452351647E11300875BF4 /* CCSpriteFrameCache.m */ = {isa = PBXFileReference; lastKnownFileType = sourcecode.c.objc; name = CCSpriteFrameCache.m; path = libs/cocos2d/CCSpriteFrameCache.m; sourceTree = "<group>"; };
		287452371647E11300875BF4 /* CCTexture2D.h */ = {isa = PBXFileReference; lastKnownFileType = sourcecode.c.h; name = CCTexture2D.h; path = libs/cocos2d/CCTexture2D.h; sourceTree = "<group>"; };
		287452381647E11300875BF4 /* CCTexture2D.m */ = {isa = PBXFileReference; lastKnownFileType = sourcecode.c.objc; name = CCTexture2D.m; path = libs/cocos2d/CCTexture2D.m; sourceTree = "<group>"; };
		2874523A1647E11300875BF4 /* CCTextureAtlas.h */ = {isa = PBXFileReference; lastKnownFileType = sourcecode.c.h; name = CCTextureAtlas.h; path = libs/cocos2d/CCTextureAtlas.h; sourceTree = "<group>"; };
		2874523B1647E11300875BF4 /* CCTextureAtlas.m */ = {isa = PBXFileReference; lastKnownFileType = sourcecode.c.objc; name = CCTextureAtlas.m; path = libs/cocos2d/CCTextureAtlas.m; sourceTree = "<group>"; };
		2874523D1647E11300875BF4 /* CCTextureCache.h */ = {isa = PBXFileReference; lastKnownFileType = sourcecode.c.h; name = CCTextureCache.h; path = libs/cocos2d/CCTextureCache.h; sourceTree = "<group>"; };
		2874523E1647E11300875BF4 /* CCTextureCache.m */ = {isa = PBXFileReference; lastKnownFileType = sourcecode.c.objc; name = CCTextureCache.m; path = libs/cocos2d/CCTextureCache.m; sourceTree = "<group>"; };
		287452401647E11300875BF4 /* CCTexturePVR.h */ = {isa = PBXFileReference; lastKnownFileType = sourcecode.c.h; name = CCTexturePVR.h; path = libs/cocos2d/CCTexturePVR.h; sourceTree = "<group>"; };
		287452411647E11300875BF4 /* CCTexturePVR.m */ = {isa = PBXFileReference; lastKnownFileType = sourcecode.c.objc; name = CCTexturePVR.m; path = libs/cocos2d/CCTexturePVR.m; sourceTree = "<group>"; };
		287452431647E11300875BF4 /* CCTileMapAtlas.h */ = {isa = PBXFileReference; lastKnownFileType = sourcecode.c.h; name = CCTileMapAtlas.h; path = libs/cocos2d/CCTileMapAtlas.h; sourceTree = "<group>"; };
		287452441647E11300875BF4 /* CCTileMapAtlas.m */ = {isa = PBXFileReference; lastKnownFileType = sourcecode.c.objc; name = CCTileMapAtlas.m; path = libs/cocos2d/CCTileMapAtlas.m; sourceTree = "<group>"; };
		287452461647E11400875BF4 /* CCTMXLayer.h */ = {isa = PBXFileReference; lastKnownFileType = sourcecode.c.h; name = CCTMXLayer.h; path = libs/cocos2d/CCTMXLayer.h; sourceTree = "<group>"; };
		287452471647E11400875BF4 /* CCTMXLayer.m */ = {isa = PBXFileReference; lastKnownFileType = sourcecode.c.objc; name = CCTMXLayer.m; path = libs/cocos2d/CCTMXLayer.m; sourceTree = "<group>"; };
		287452491647E11400875BF4 /* CCTMXObjectGroup.h */ = {isa = PBXFileReference; lastKnownFileType = sourcecode.c.h; name = CCTMXObjectGroup.h; path = libs/cocos2d/CCTMXObjectGroup.h; sourceTree = "<group>"; };
		2874524A1647E11400875BF4 /* CCTMXObjectGroup.m */ = {isa = PBXFileReference; lastKnownFileType = sourcecode.c.objc; name = CCTMXObjectGroup.m; path = libs/cocos2d/CCTMXObjectGroup.m; sourceTree = "<group>"; };
		2874524C1647E11400875BF4 /* CCTMXTiledMap.h */ = {isa = PBXFileReference; lastKnownFileType = sourcecode.c.h; name = CCTMXTiledMap.h; path = libs/cocos2d/CCTMXTiledMap.h; sourceTree = "<group>"; };
		2874524D1647E11400875BF4 /* CCTMXTiledMap.m */ = {isa = PBXFileReference; lastKnownFileType = sourcecode.c.objc; name = CCTMXTiledMap.m; path = libs/cocos2d/CCTMXTiledMap.m; sourceTree = "<group>"; };
		2874524F1647E11400875BF4 /* CCTMXXMLParser.h */ = {isa = PBXFileReference; lastKnownFileType = sourcecode.c.h; name = CCTMXXMLParser.h; path = libs/cocos2d/CCTMXXMLParser.h; sourceTree = "<group>"; };
		287452501647E11400875BF4 /* CCTMXXMLParser.m */ = {isa = PBXFileReference; lastKnownFileType = sourcecode.c.objc; name = CCTMXXMLParser.m; path = libs/cocos2d/CCTMXXMLParser.m; sourceTree = "<group>"; };
		287452521647E11400875BF4 /* CCTransition.h */ = {isa = PBXFileReference; lastKnownFileType = sourcecode.c.h; name = CCTransition.h; path = libs/cocos2d/CCTransition.h; sourceTree = "<group>"; };
		287452531647E11400875BF4 /* CCTransition.m */ = {isa = PBXFileReference; lastKnownFileType = sourcecode.c.objc; name = CCTransition.m; path = libs/cocos2d/CCTransition.m; sourceTree = "<group>"; };
		287452551647E11400875BF4 /* CCTransitionPageTurn.h */ = {isa = PBXFileReference; lastKnownFileType = sourcecode.c.h; name = CCTransitionPageTurn.h; path = libs/cocos2d/CCTransitionPageTurn.h; sourceTree = "<group>"; };
		287452561647E11400875BF4 /* CCTransitionPageTurn.m */ = {isa = PBXFileReference; lastKnownFileType = sourcecode.c.objc; name = CCTransitionPageTurn.m; path = libs/cocos2d/CCTransitionPageTurn.m; sourceTree = "<group>"; };
		287452581647E11400875BF4 /* CCTransitionRadial.h */ = {isa = PBXFileReference; lastKnownFileType = sourcecode.c.h; name = CCTransitionRadial.h; path = libs/cocos2d/CCTransitionRadial.h; sourceTree = "<group>"; };
		287452591647E11400875BF4 /* CCTransitionRadial.m */ = {isa = PBXFileReference; lastKnownFileType = sourcecode.c.objc; name = CCTransitionRadial.m; path = libs/cocos2d/CCTransitionRadial.m; sourceTree = "<group>"; };
		2874525B1647E11400875BF4 /* ccTypes.h */ = {isa = PBXFileReference; lastKnownFileType = sourcecode.c.h; name = ccTypes.h; path = libs/cocos2d/ccTypes.h; sourceTree = "<group>"; };
		2874525C1647E11400875BF4 /* cocos2d.h */ = {isa = PBXFileReference; lastKnownFileType = sourcecode.c.h; name = cocos2d.h; path = libs/cocos2d/cocos2d.h; sourceTree = "<group>"; };
		2874525D1647E11400875BF4 /* cocos2d.m */ = {isa = PBXFileReference; lastKnownFileType = sourcecode.c.objc; name = cocos2d.m; path = libs/cocos2d/cocos2d.m; sourceTree = "<group>"; };
		287452601647E11400875BF4 /* CCGL.h */ = {isa = PBXFileReference; lastKnownFileType = sourcecode.c.h; name = CCGL.h; path = libs/cocos2d/Platforms/CCGL.h; sourceTree = "<group>"; };
		287452611647E11500875BF4 /* CCNS.h */ = {isa = PBXFileReference; lastKnownFileType = sourcecode.c.h; name = CCNS.h; path = libs/cocos2d/Platforms/CCNS.h; sourceTree = "<group>"; };
		287452631647E11500875BF4 /* CCDirectorIOS.h */ = {isa = PBXFileReference; lastKnownFileType = sourcecode.c.h; name = CCDirectorIOS.h; path = libs/cocos2d/Platforms/iOS/CCDirectorIOS.h; sourceTree = "<group>"; };
		287452641647E11500875BF4 /* CCDirectorIOS.m */ = {isa = PBXFileReference; lastKnownFileType = sourcecode.c.objc; name = CCDirectorIOS.m; path = libs/cocos2d/Platforms/iOS/CCDirectorIOS.m; sourceTree = "<group>"; };
		287452661647E11500875BF4 /* CCTouchDelegateProtocol.h */ = {isa = PBXFileReference; lastKnownFileType = sourcecode.c.h; name = CCTouchDelegateProtocol.h; path = libs/cocos2d/Platforms/iOS/CCTouchDelegateProtocol.h; sourceTree = "<group>"; };
		287452671647E11500875BF4 /* CCTouchDispatcher.h */ = {isa = PBXFileReference; lastKnownFileType = sourcecode.c.h; name = CCTouchDispatcher.h; path = libs/cocos2d/Platforms/iOS/CCTouchDispatcher.h; sourceTree = "<group>"; };
		287452681647E11500875BF4 /* CCTouchDispatcher.m */ = {isa = PBXFileReference; lastKnownFileType = sourcecode.c.objc; name = CCTouchDispatcher.m; path = libs/cocos2d/Platforms/iOS/CCTouchDispatcher.m; sourceTree = "<group>"; };
		2874526A1647E11500875BF4 /* CCTouchHandler.h */ = {isa = PBXFileReference; lastKnownFileType = sourcecode.c.h; name = CCTouchHandler.h; path = libs/cocos2d/Platforms/iOS/CCTouchHandler.h; sourceTree = "<group>"; };
		2874526B1647E11500875BF4 /* CCTouchHandler.m */ = {isa = PBXFileReference; lastKnownFileType = sourcecode.c.objc; name = CCTouchHandler.m; path = libs/cocos2d/Platforms/iOS/CCTouchHandler.m; sourceTree = "<group>"; };
		2874526D1647E11500875BF4 /* EAGLView.h */ = {isa = PBXFileReference; lastKnownFileType = sourcecode.c.h; name = EAGLView.h; path = libs/cocos2d/Platforms/iOS/EAGLView.h; sourceTree = "<group>"; };
		2874526E1647E11500875BF4 /* EAGLView.m */ = {isa = PBXFileReference; lastKnownFileType = sourcecode.c.objc; name = EAGLView.m; path = libs/cocos2d/Platforms/iOS/EAGLView.m; sourceTree = "<group>"; };
		287452701647E11500875BF4 /* ES1Renderer.h */ = {isa = PBXFileReference; lastKnownFileType = sourcecode.c.h; name = ES1Renderer.h; path = libs/cocos2d/Platforms/iOS/ES1Renderer.h; sourceTree = "<group>"; };
		287452711647E11500875BF4 /* ES1Renderer.m */ = {isa = PBXFileReference; lastKnownFileType = sourcecode.c.objc; name = ES1Renderer.m; path = libs/cocos2d/Platforms/iOS/ES1Renderer.m; sourceTree = "<group>"; };
		287452731647E11500875BF4 /* ESRenderer.h */ = {isa = PBXFileReference; lastKnownFileType = sourcecode.c.h; name = ESRenderer.h; path = libs/cocos2d/Platforms/iOS/ESRenderer.h; sourceTree = "<group>"; };
		287452741647E11500875BF4 /* glu.c */ = {isa = PBXFileReference; lastKnownFileType = sourcecode.c.c; name = glu.c; path = libs/cocos2d/Platforms/iOS/glu.c; sourceTree = "<group>"; };
		287452761647E11500875BF4 /* glu.h */ = {isa = PBXFileReference; lastKnownFileType = sourcecode.c.h; name = glu.h; path = libs/cocos2d/Platforms/iOS/glu.h; sourceTree = "<group>"; };
		287452781647E11500875BF4 /* CCDirectorMac.h */ = {isa = PBXFileReference; lastKnownFileType = sourcecode.c.h; name = CCDirectorMac.h; path = libs/cocos2d/Platforms/Mac/CCDirectorMac.h; sourceTree = "<group>"; };
		287452791647E11500875BF4 /* CCDirectorMac.m */ = {isa = PBXFileReference; lastKnownFileType = sourcecode.c.objc; name = CCDirectorMac.m; path = libs/cocos2d/Platforms/Mac/CCDirectorMac.m; sourceTree = "<group>"; };
		2874527B1647E11500875BF4 /* CCEventDispatcher.h */ = {isa = PBXFileReference; lastKnownFileType = sourcecode.c.h; name = CCEventDispatcher.h; path = libs/cocos2d/Platforms/Mac/CCEventDispatcher.h; sourceTree = "<group>"; };
		2874527C1647E11500875BF4 /* CCEventDispatcher.m */ = {isa = PBXFileReference; lastKnownFileType = sourcecode.c.objc; name = CCEventDispatcher.m; path = libs/cocos2d/Platforms/Mac/CCEventDispatcher.m; sourceTree = "<group>"; };
		2874527E1647E11500875BF4 /* MacGLView.h */ = {isa = PBXFileReference; lastKnownFileType = sourcecode.c.h; name = MacGLView.h; path = libs/cocos2d/Platforms/Mac/MacGLView.h; sourceTree = "<group>"; };
		2874527F1647E11500875BF4 /* MacGLView.m */ = {isa = PBXFileReference; lastKnownFileType = sourcecode.c.objc; name = MacGLView.m; path = libs/cocos2d/Platforms/Mac/MacGLView.m; sourceTree = "<group>"; };
		287452811647E11500875BF4 /* MacWindow.h */ = {isa = PBXFileReference; lastKnownFileType = sourcecode.c.h; name = MacWindow.h; path = libs/cocos2d/Platforms/Mac/MacWindow.h; sourceTree = "<group>"; };
		287452821647E11500875BF4 /* MacWindow.m */ = {isa = PBXFileReference; lastKnownFileType = sourcecode.c.objc; name = MacWindow.m; path = libs/cocos2d/Platforms/Mac/MacWindow.m; sourceTree = "<group>"; };
		287452851647E11500875BF4 /* base64.c */ = {isa = PBXFileReference; lastKnownFileType = sourcecode.c.c; name = base64.c; path = libs/cocos2d/Support/base64.c; sourceTree = "<group>"; };
		287452871647E11500875BF4 /* base64.h */ = {isa = PBXFileReference; lastKnownFileType = sourcecode.c.h; name = base64.h; path = libs/cocos2d/Support/base64.h; sourceTree = "<group>"; };
		287452881647E11500875BF4 /* CCArray.h */ = {isa = PBXFileReference; lastKnownFileType = sourcecode.c.h; name = CCArray.h; path = libs/cocos2d/Support/CCArray.h; sourceTree = "<group>"; };
		287452891647E11600875BF4 /* CCArray.m */ = {isa = PBXFileReference; lastKnownFileType = sourcecode.c.objc; name = CCArray.m; path = libs/cocos2d/Support/CCArray.m; sourceTree = "<group>"; };
		2874528B1647E11600875BF4 /* ccCArray.h */ = {isa = PBXFileReference; lastKnownFileType = sourcecode.c.h; name = ccCArray.h; path = libs/cocos2d/Support/ccCArray.h; sourceTree = "<group>"; };
		2874528C1647E11600875BF4 /* CCFileUtils.h */ = {isa = PBXFileReference; lastKnownFileType = sourcecode.c.h; name = CCFileUtils.h; path = libs/cocos2d/Support/CCFileUtils.h; sourceTree = "<group>"; };
		2874528D1647E11600875BF4 /* CCFileUtils.m */ = {isa = PBXFileReference; lastKnownFileType = sourcecode.c.objc; name = CCFileUtils.m; path = libs/cocos2d/Support/CCFileUtils.m; sourceTree = "<group>"; };
		2874528F1647E11600875BF4 /* CCProfiling.h */ = {isa = PBXFileReference; lastKnownFileType = sourcecode.c.h; name = CCProfiling.h; path = libs/cocos2d/Support/CCProfiling.h; sourceTree = "<group>"; };
		287452901647E11600875BF4 /* CCProfiling.m */ = {isa = PBXFileReference; lastKnownFileType = sourcecode.c.objc; name = CCProfiling.m; path = libs/cocos2d/Support/CCProfiling.m; sourceTree = "<group>"; };
		287452921647E11600875BF4 /* ccUtils.c */ = {isa = PBXFileReference; lastKnownFileType = sourcecode.c.c; name = ccUtils.c; path = libs/cocos2d/Support/ccUtils.c; sourceTree = "<group>"; };
		287452941647E11600875BF4 /* ccUtils.h */ = {isa = PBXFileReference; lastKnownFileType = sourcecode.c.h; name = ccUtils.h; path = libs/cocos2d/Support/ccUtils.h; sourceTree = "<group>"; };
		287452951647E11600875BF4 /* CGPointExtension.h */ = {isa = PBXFileReference; lastKnownFileType = sourcecode.c.h; name = CGPointExtension.h; path = libs/cocos2d/Support/CGPointExtension.h; sourceTree = "<group>"; };
		287452961647E11600875BF4 /* CGPointExtension.m */ = {isa = PBXFileReference; lastKnownFileType = sourcecode.c.objc; name = CGPointExtension.m; path = libs/cocos2d/Support/CGPointExtension.m; sourceTree = "<group>"; };
		287452981647E11600875BF4 /* OpenGL_Internal.h */ = {isa = PBXFileReference; lastKnownFileType = sourcecode.c.h; name = OpenGL_Internal.h; path = libs/cocos2d/Support/OpenGL_Internal.h; sourceTree = "<group>"; };
		287452991647E11700875BF4 /* TGAlib.h */ = {isa = PBXFileReference; lastKnownFileType = sourcecode.c.h; name = TGAlib.h; path = libs/cocos2d/Support/TGAlib.h; sourceTree = "<group>"; };
		2874529A1647E11700875BF4 /* TGAlib.m */ = {isa = PBXFileReference; lastKnownFileType = sourcecode.c.objc; name = TGAlib.m; path = libs/cocos2d/Support/TGAlib.m; sourceTree = "<group>"; };
		2874529C1647E11700875BF4 /* TransformUtils.h */ = {isa = PBXFileReference; lastKnownFileType = sourcecode.c.h; name = TransformUtils.h; path = libs/cocos2d/Support/TransformUtils.h; sourceTree = "<group>"; };
		2874529D1647E11700875BF4 /* TransformUtils.m */ = {isa = PBXFileReference; lastKnownFileType = sourcecode.c.objc; name = TransformUtils.m; path = libs/cocos2d/Support/TransformUtils.m; sourceTree = "<group>"; };
		2874529F1647E11700875BF4 /* uthash.h */ = {isa = PBXFileReference; lastKnownFileType = sourcecode.c.h; name = uthash.h; path = libs/cocos2d/Support/uthash.h; sourceTree = "<group>"; };
		287452A01647E11700875BF4 /* utlist.h */ = {isa = PBXFileReference; lastKnownFileType = sourcecode.c.h; name = utlist.h; path = libs/cocos2d/Support/utlist.h; sourceTree = "<group>"; };
		287452A11647E11700875BF4 /* ZipUtils.h */ = {isa = PBXFileReference; lastKnownFileType = sourcecode.c.h; name = ZipUtils.h; path = libs/cocos2d/Support/ZipUtils.h; sourceTree = "<group>"; };
		287452A21647E11700875BF4 /* ZipUtils.m */ = {isa = PBXFileReference; lastKnownFileType = sourcecode.c.objc; name = ZipUtils.m; path = libs/cocos2d/Support/ZipUtils.m; sourceTree = "<group>"; };
		287452A41647E11700875BF4 /* LICENSE_cocos2d.txt */ = {isa = PBXFileReference; lastKnownFileType = text; name = LICENSE_cocos2d.txt; path = libs/LICENSE_cocos2d.txt; sourceTree = "<group>"; };
		287452A61647E11700875BF4 /* CDAudioManager.h */ = {isa = PBXFileReference; lastKnownFileType = sourcecode.c.h; name = CDAudioManager.h; path = libs/CocosDenshion/CDAudioManager.h; sourceTree = "<group>"; };
		287452A71647E11700875BF4 /* CDAudioManager.m */ = {isa = PBXFileReference; lastKnownFileType = sourcecode.c.objc; name = CDAudioManager.m; path = libs/CocosDenshion/CDAudioManager.m; sourceTree = "<group>"; };
		287452A91647E11800875BF4 /* CDConfig.h */ = {isa = PBXFileReference; lastKnownFileType = sourcecode.c.h; name = CDConfig.h; path = libs/CocosDenshion/CDConfig.h; sourceTree = "<group>"; };
		287452AA1647E11800875BF4 /* CDOpenALSupport.h */ = {isa = PBXFileReference; lastKnownFileType = sourcecode.c.h; name = CDOpenALSupport.h; path = libs/CocosDenshion/CDOpenALSupport.h; sourceTree = "<group>"; };
		287452AB1647E11800875BF4 /* CDOpenALSupport.m */ = {isa = PBXFileReference; lastKnownFileType = sourcecode.c.objc; name = CDOpenALSupport.m; path = libs/CocosDenshion/CDOpenALSupport.m; sourceTree = "<group>"; };
		287452AD1647E11800875BF4 /* CocosDenshion.h */ = {isa = PBXFileReference; lastKnownFileType = sourcecode.c.h; name = CocosDenshion.h; path = libs/CocosDenshion/CocosDenshion.h; sourceTree = "<group>"; };
		287452AE1647E11800875BF4 /* CocosDenshion.m */ = {isa = PBXFileReference; lastKnownFileType = sourcecode.c.objc; name = CocosDenshion.m; path = libs/CocosDenshion/CocosDenshion.m; sourceTree = "<group>"; };
		287452B01647E11800875BF4 /* SimpleAudioEngine.h */ = {isa = PBXFileReference; lastKnownFileType = sourcecode.c.h; name = SimpleAudioEngine.h; path = libs/CocosDenshion/SimpleAudioEngine.h; sourceTree = "<group>"; };
		287452B11647E11800875BF4 /* SimpleAudioEngine.m */ = {isa = PBXFileReference; lastKnownFileType = sourcecode.c.objc; name = SimpleAudioEngine.m; path = libs/CocosDenshion/SimpleAudioEngine.m; sourceTree = "<group>"; };
		287452B31647E11900875BF4 /* LICENSE_CocosDenshion.txt */ = {isa = PBXFileReference; lastKnownFileType = text; name = LICENSE_CocosDenshion.txt; path = libs/LICENSE_CocosDenshion.txt; sourceTree = "<group>"; };
		287452B51647E11900875BF4 /* CLScoreServerPost.h */ = {isa = PBXFileReference; lastKnownFileType = sourcecode.c.h; name = CLScoreServerPost.h; path = libs/cocoslive/CLScoreServerPost.h; sourceTree = "<group>"; };
		287452B61647E11900875BF4 /* CLScoreServerPost.m */ = {isa = PBXFileReference; lastKnownFileType = sourcecode.c.objc; name = CLScoreServerPost.m; path = libs/cocoslive/CLScoreServerPost.m; sourceTree = "<group>"; };
		287452B81647E11900875BF4 /* CLScoreServerRequest.h */ = {isa = PBXFileReference; lastKnownFileType = sourcecode.c.h; name = CLScoreServerRequest.h; path = libs/cocoslive/CLScoreServerRequest.h; sourceTree = "<group>"; };
		287452B91647E11900875BF4 /* CLScoreServerRequest.m */ = {isa = PBXFileReference; lastKnownFileType = sourcecode.c.objc; name = CLScoreServerRequest.m; path = libs/cocoslive/CLScoreServerRequest.m; sourceTree = "<group>"; };
		287452BB1647E11900875BF4 /* cocoslive.h */ = {isa = PBXFileReference; lastKnownFileType = sourcecode.c.h; name = cocoslive.h; path = libs/cocoslive/cocoslive.h; sourceTree = "<group>"; };
		287452BC1647E11900875BF4 /* cocoslive.m */ = {isa = PBXFileReference; lastKnownFileType = sourcecode.c.objc; name = cocoslive.m; path = libs/cocoslive/cocoslive.m; sourceTree = "<group>"; };
		287452BE1647E11900875BF4 /* LICENSE_TouchJSON.txt */ = {isa = PBXFileReference; lastKnownFileType = text; name = LICENSE_TouchJSON.txt; path = libs/LICENSE_TouchJSON.txt; sourceTree = "<group>"; };
		287452C01647E11900875BF4 /* CDataScanner.h */ = {isa = PBXFileReference; lastKnownFileType = sourcecode.c.h; name = CDataScanner.h; path = libs/TouchJSON/CDataScanner.h; sourceTree = "<group>"; };
		287452C11647E11900875BF4 /* CDataScanner.m */ = {isa = PBXFileReference; lastKnownFileType = sourcecode.c.objc; name = CDataScanner.m; path = libs/TouchJSON/CDataScanner.m; sourceTree = "<group>"; };
		287452C41647E11900875BF4 /* CDataScanner_Extensions.h */ = {isa = PBXFileReference; lastKnownFileType = sourcecode.c.h; name = CDataScanner_Extensions.h; path = libs/TouchJSON/Extensions/CDataScanner_Extensions.h; sourceTree = "<group>"; };
		287452C51647E11900875BF4 /* CDataScanner_Extensions.m */ = {isa = PBXFileReference; lastKnownFileType = sourcecode.c.objc; name = CDataScanner_Extensions.m; path = libs/TouchJSON/Extensions/CDataScanner_Extensions.m; sourceTree = "<group>"; };
		287452C71647E11900875BF4 /* NSDictionary_JSONExtensions.h */ = {isa = PBXFileReference; lastKnownFileType = sourcecode.c.h; name = NSDictionary_JSONExtensions.h; path = libs/TouchJSON/Extensions/NSDictionary_JSONExtensions.h; sourceTree = "<group>"; };
		287452C81647E11900875BF4 /* NSDictionary_JSONExtensions.m */ = {isa = PBXFileReference; lastKnownFileType = sourcecode.c.objc; name = NSDictionary_JSONExtensions.m; path = libs/TouchJSON/Extensions/NSDictionary_JSONExtensions.m; sourceTree = "<group>"; };
		287452CB1647E11A00875BF4 /* CJSONDeserializer.h */ = {isa = PBXFileReference; lastKnownFileType = sourcecode.c.h; name = CJSONDeserializer.h; path = libs/TouchJSON/JSON/CJSONDeserializer.h; sourceTree = "<group>"; };
		287452CC1647E11B00875BF4 /* CJSONDeserializer.m */ = {isa = PBXFileReference; lastKnownFileType = sourcecode.c.objc; name = CJSONDeserializer.m; path = libs/TouchJSON/JSON/CJSONDeserializer.m; sourceTree = "<group>"; };
		287452CE1647E11C00875BF4 /* CJSONScanner.h */ = {isa = PBXFileReference; lastKnownFileType = sourcecode.c.h; name = CJSONScanner.h; path = libs/TouchJSON/JSON/CJSONScanner.h; sourceTree = "<group>"; };
		287452CF1647E11E00875BF4 /* CJSONScanner.m */ = {isa = PBXFileReference; lastKnownFileType = sourcecode.c.objc; name = CJSONScanner.m; path = libs/TouchJSON/JSON/CJSONScanner.m; sourceTree = "<group>"; };
		287452D11647E11E00875BF4 /* CJSONSerializer.h */ = {isa = PBXFileReference; lastKnownFileType = sourcecode.c.h; name = CJSONSerializer.h; path = libs/TouchJSON/JSON/CJSONSerializer.h; sourceTree = "<group>"; };
		287452D21647E11E00875BF4 /* CJSONSerializer.m */ = {isa = PBXFileReference; lastKnownFileType = sourcecode.c.objc; name = CJSONSerializer.m; path = libs/TouchJSON/JSON/CJSONSerializer.m; sourceTree = "<group>"; };
		287452D41647E11F00875BF4 /* JSONRepresentation.h */ = {isa = PBXFileReference; lastKnownFileType = sourcecode.c.h; name = JSONRepresentation.h; path = libs/TouchJSON/JSON/JSONRepresentation.h; sourceTree = "<group>"; };
		287452D61647E11F00875BF4 /* FontLabel.h */ = {isa = PBXFileReference; lastKnownFileType = sourcecode.c.h; name = FontLabel.h; path = libs/FontLabel/FontLabel.h; sourceTree = "<group>"; };
		287452D71647E11F00875BF4 /* FontLabel.m */ = {isa = PBXFileReference; lastKnownFileType = sourcecode.c.objc; name = FontLabel.m; path = libs/FontLabel/FontLabel.m; sourceTree = "<group>"; };
		287452D91647E12100875BF4 /* FontLabelStringDrawing.h */ = {isa = PBXFileReference; lastKnownFileType = sourcecode.c.h; name = FontLabelStringDrawing.h; path = libs/FontLabel/FontLabelStringDrawing.h; sourceTree = "<group>"; };
		287452DA1647E12100875BF4 /* FontLabelStringDrawing.m */ = {isa = PBXFileReference; lastKnownFileType = sourcecode.c.objc; name = FontLabelStringDrawing.m; path = libs/FontLabel/FontLabelStringDrawing.m; sourceTree = "<group>"; };
		287452DC1647E12100875BF4 /* FontManager.h */ = {isa = PBXFileReference; lastKnownFileType = sourcecode.c.h; name = FontManager.h; path = libs/FontLabel/FontManager.h; sourceTree = "<group>"; };
		287452DD1647E12100875BF4 /* FontManager.m */ = {isa = PBXFileReference; lastKnownFileType = sourcecode.c.objc; name = FontManager.m; path = libs/FontLabel/FontManager.m; sourceTree = "<group>"; };
		287452DF1647E12100875BF4 /* ZAttributedString.h */ = {isa = PBXFileReference; lastKnownFileType = sourcecode.c.h; name = ZAttributedString.h; path = libs/FontLabel/ZAttributedString.h; sourceTree = "<group>"; };
		287452E01647E12100875BF4 /* ZAttributedString.m */ = {isa = PBXFileReference; lastKnownFileType = sourcecode.c.objc; name = ZAttributedString.m; path = libs/FontLabel/ZAttributedString.m; sourceTree = "<group>"; };
		287452E21647E12200875BF4 /* ZAttributedStringPrivate.h */ = {isa = PBXFileReference; lastKnownFileType = sourcecode.c.h; name = ZAttributedStringPrivate.h; path = libs/FontLabel/ZAttributedStringPrivate.h; sourceTree = "<group>"; };
		287452E31647E12200875BF4 /* ZFont.h */ = {isa = PBXFileReference; lastKnownFileType = sourcecode.c.h; name = ZFont.h; path = libs/FontLabel/ZFont.h; sourceTree = "<group>"; };
		287452E41647E12200875BF4 /* ZFont.m */ = {isa = PBXFileReference; lastKnownFileType = sourcecode.c.objc; name = ZFont.m; path = libs/FontLabel/ZFont.m; sourceTree = "<group>"; };
		287452E61647E12300875BF4 /* LICENSE_FontLabel.txt */ = {isa = PBXFileReference; lastKnownFileType = text; name = LICENSE_FontLabel.txt; path = libs/LICENSE_FontLabel.txt; sourceTree = "<group>"; };
		287452E81647E12400875BF4 /* Prefix.pch */ = {isa = PBXFileReference; lastKnownFileType = sourcecode.c.h; path = Prefix.pch; sourceTree = "<group>"; };
		287452E91647E12400875BF4 /* main.m */ = {isa = PBXFileReference; lastKnownFileType = sourcecode.c.objc; path = main.m; sourceTree = "<group>"; };
		287452EB1647E12400875BF4 /* AppDelegate.h */ = {isa = PBXFileReference; lastKnownFileType = sourcecode.c.h; path = AppDelegate.h; sourceTree = "<group>"; };
		287452EC1647E12500875BF4 /* AppDelegate.m */ = {isa = PBXFileReference; lastKnownFileType = sourcecode.c.objc; path = AppDelegate.m; sourceTree = "<group>"; };
		287452EE1647E12600875BF4 /* RootViewController.h */ = {isa = PBXFileReference; lastKnownFileType = sourcecode.c.h; path = RootViewController.h; sourceTree = "<group>"; };
		287452EF1647E12600875BF4 /* RootViewController.m */ = {isa = PBXFileReference; lastKnownFileType = sourcecode.c.objc; path = RootViewController.m; sourceTree = "<group>"; };
		287452F11647E12600875BF4 /* HelloWorldLayer.h */ = {isa = PBXFileReference; lastKnownFileType = sourcecode.c.h; path = HelloWorldLayer.h; sourceTree = "<group>"; };
		287452F21647E12600875BF4 /* HelloWorldLayer.m */ = {isa = PBXFileReference; lastKnownFileType = sourcecode.c.objc; path = HelloWorldLayer.m; sourceTree = "<group>"; };
		287452F41647E12600875BF4 /* GameConfig.h */ = {isa = PBXFileReference; lastKnownFileType = sourcecode.c.h; path = GameConfig.h; sourceTree = "<group>"; };
		2874530F1647FE9900875BF4 /* CCTexture2DMutable.h */ = {isa = PBXFileReference; fileEncoding = 4; lastKnownFileType = sourcecode.c.h; path = CCTexture2DMutable.h; sourceTree = "<group>"; };
		287453101647FE9900875BF4 /* CCTexture2DMutable.m */ = {isa = PBXFileReference; fileEncoding = 4; lastKnownFileType = sourcecode.c.objc; path = CCTexture2DMutable.m; sourceTree = "<group>"; };
		28C27D9D16494274001BD363 /* CCSprite+FadeToGrayAction.h */ = {isa = PBXFileReference; fileEncoding = 4; lastKnownFileType = sourcecode.c.h; path = "CCSprite+FadeToGrayAction.h"; sourceTree = "<group>"; };
		28C27D9E16494274001BD363 /* CCSprite+FadeToGrayAction.m */ = {isa = PBXFileReference; fileEncoding = 4; lastKnownFileType = sourcecode.c.objc; path = "CCSprite+FadeToGrayAction.m"; sourceTree = "<group>"; };
		64FD1A2716648196009C4593 /* NTFadeToGrayAction.h */ = {isa = PBXFileReference; fileEncoding = 4; lastKnownFileType = sourcecode.c.h; path = NTFadeToGrayAction.h; sourceTree = "<group>"; };
		64FD1A2816648197009C4593 /* NTFadeToGrayAction.m */ = {isa = PBXFileReference; fileEncoding = 4; lastKnownFileType = sourcecode.c.objc; path = NTFadeToGrayAction.m; sourceTree = "<group>"; };
/* End PBXFileReference section */

/* Begin PBXFrameworksBuildPhase section */
		287451821647E11100875BF4 /* Frameworks */ = {
			isa = PBXFrameworksBuildPhase;
			buildActionMask = 2147483647;
			files = (
				2874518A1647E11100875BF4 /* QuartzCore.framework in Frameworks */,
				2874518C1647E11100875BF4 /* OpenGLES.framework in Frameworks */,
				2874518E1647E11100875BF4 /* OpenAL.framework in Frameworks */,
				287451901647E11100875BF4 /* AudioToolbox.framework in Frameworks */,
				287451921647E11100875BF4 /* AVFoundation.framework in Frameworks */,
				287451941647E11100875BF4 /* UIKit.framework in Frameworks */,
				287451961647E11100875BF4 /* Foundation.framework in Frameworks */,
				287451981647E11100875BF4 /* CoreGraphics.framework in Frameworks */,
			);
			runOnlyForDeploymentPostprocessing = 0;
		};
/* End PBXFrameworksBuildPhase section */

/* Begin PBXGroup section */
		2874517A1647E11100875BF4 = {
			isa = PBXGroup;
			children = (
				287451991647E11100875BF4 /* TextureMotify */,
				287451881647E11100875BF4 /* Frameworks */,
				287451861647E11100875BF4 /* Products */,
			);
			sourceTree = "<group>";
		};
		287451861647E11100875BF4 /* Products */ = {
			isa = PBXGroup;
			children = (
				287451851647E11100875BF4 /* TextureMotify.app */,
			);
			name = Products;
			sourceTree = "<group>";
		};
		287451881647E11100875BF4 /* Frameworks */ = {
			isa = PBXGroup;
			children = (
				287451891647E11100875BF4 /* QuartzCore.framework */,
				2874518B1647E11100875BF4 /* OpenGLES.framework */,
				2874518D1647E11100875BF4 /* OpenAL.framework */,
				2874518F1647E11100875BF4 /* AudioToolbox.framework */,
				287451911647E11100875BF4 /* AVFoundation.framework */,
				287451931647E11100875BF4 /* UIKit.framework */,
				287451951647E11100875BF4 /* Foundation.framework */,
				287451971647E11100875BF4 /* CoreGraphics.framework */,
			);
			name = Frameworks;
			sourceTree = "<group>";
		};
		287451991647E11100875BF4 /* TextureMotify */ = {
			isa = PBXGroup;
			children = (
				288A1B3D16D64D6000AFECE7 /* NTTexureMotify */,
				287452EB1647E12400875BF4 /* AppDelegate.h */,
				287452EC1647E12500875BF4 /* AppDelegate.m */,
				287452EE1647E12600875BF4 /* RootViewController.h */,
				287452EF1647E12600875BF4 /* RootViewController.m */,
				2874530F1647FE9900875BF4 /* CCTexture2DMutable.h */,
				287453101647FE9900875BF4 /* CCTexture2DMutable.m */,
				287452F11647E12600875BF4 /* HelloWorldLayer.h */,
				287452F21647E12600875BF4 /* HelloWorldLayer.m */,
				287452F41647E12600875BF4 /* GameConfig.h */,
				2874519A1647E11100875BF4 /* Resources */,
				287451AE1647E11100875BF4 /* libs */,
				287452E71647E12400875BF4 /* Supporting Files */,
			);
			path = TextureMotify;
			sourceTree = "<group>";
		};
		2874519A1647E11100875BF4 /* Resources */ = {
			isa = PBXGroup;
			children = (
				28488E051648046A005E1596 /* ui_texture.png */,
				28488E061648046A005E1596 /* ui_texture.plist */,
				2874519B1647E11100875BF4 /* Default.png */,
				2874519D1647E11100875BF4 /* fps_images.png */,
				2874519F1647E11100875BF4 /* Icon-72.png */,
				287451A11647E11100875BF4 /* Icon-Small-50.png */,
				287451A31647E11100875BF4 /* Icon-Small.png */,
				287451A51647E11100875BF4 /* Icon-Small@2x.png */,
				287451A71647E11100875BF4 /* Icon.png */,
				287451A91647E11100875BF4 /* Icon@2x.png */,
				287451AB1647E11100875BF4 /* Info.plist */,
				287451AC1647E11100875BF4 /* iTunesArtwork */,
			);
			name = Resources;
			sourceTree = "<group>";
		};
		287451AE1647E11100875BF4 /* libs */ = {
			isa = PBXGroup;
			children = (
				287452A41647E11700875BF4 /* LICENSE_cocos2d.txt */,
				287452B31647E11900875BF4 /* LICENSE_CocosDenshion.txt */,
				287452BE1647E11900875BF4 /* LICENSE_TouchJSON.txt */,
				287452E61647E12300875BF4 /* LICENSE_FontLabel.txt */,
				287451AF1647E11100875BF4 /* cocos2d */,
				287452A51647E11700875BF4 /* CocosDenshion */,
				287452B41647E11900875BF4 /* cocoslive */,
				287452BF1647E11900875BF4 /* TouchJSON */,
				287452D51647E11F00875BF4 /* FontLabel */,
			);
			name = libs;
			sourceTree = "<group>";
		};
		287451AF1647E11100875BF4 /* cocos2d */ = {
			isa = PBXGroup;
			children = (
				287451B01647E11100875BF4 /* CCAction.h */,
				287451B11647E11100875BF4 /* CCAction.m */,
				287451B31647E11100875BF4 /* CCActionCamera.h */,
				287451B41647E11100875BF4 /* CCActionCamera.m */,
				287451B61647E11100875BF4 /* CCActionEase.h */,
				287451B71647E11100875BF4 /* CCActionEase.m */,
				287451B91647E11100875BF4 /* CCActionGrid.h */,
				287451BA1647E11100875BF4 /* CCActionGrid.m */,
				287451BC1647E11100875BF4 /* CCActionGrid3D.h */,
				287451BD1647E11100875BF4 /* CCActionGrid3D.m */,
				287451BF1647E11100875BF4 /* CCActionInstant.h */,
				287451C01647E11100875BF4 /* CCActionInstant.m */,
				287451C21647E11100875BF4 /* CCActionInterval.h */,
				287451C31647E11100875BF4 /* CCActionInterval.m */,
				287451C51647E11100875BF4 /* CCActionManager.h */,
				287451C61647E11100875BF4 /* CCActionManager.m */,
				287451C81647E11100875BF4 /* CCActionPageTurn3D.h */,
				287451C91647E11200875BF4 /* CCActionPageTurn3D.m */,
				287451CB1647E11200875BF4 /* CCActionProgressTimer.h */,
				287451CC1647E11200875BF4 /* CCActionProgressTimer.m */,
				287451CE1647E11200875BF4 /* CCActionTiledGrid.h */,
				287451CF1647E11200875BF4 /* CCActionTiledGrid.m */,
				287451D11647E11200875BF4 /* CCActionTween.h */,
				287451D21647E11200875BF4 /* CCActionTween.m */,
				287451D41647E11200875BF4 /* CCAnimation.h */,
				287451D51647E11200875BF4 /* CCAnimation.m */,
				287451D71647E11200875BF4 /* CCAnimationCache.h */,
				287451D81647E11200875BF4 /* CCAnimationCache.m */,
				287451DA1647E11200875BF4 /* CCAtlasNode.h */,
				287451DB1647E11200875BF4 /* CCAtlasNode.m */,
				287451DD1647E11200875BF4 /* CCBlockSupport.h */,
				287451DE1647E11200875BF4 /* CCBlockSupport.m */,
				287451E01647E11200875BF4 /* CCCamera.h */,
				287451E11647E11200875BF4 /* CCCamera.m */,
				287451E31647E11200875BF4 /* ccConfig.h */,
				287451E41647E11200875BF4 /* CCConfiguration.h */,
				287451E51647E11200875BF4 /* CCConfiguration.m */,
				287451E71647E11200875BF4 /* CCDirector.h */,
				287451E81647E11200875BF4 /* CCDirector.m */,
				287451EA1647E11200875BF4 /* CCDrawingPrimitives.h */,
				287451EB1647E11200875BF4 /* CCDrawingPrimitives.m */,
				287451ED1647E11200875BF4 /* CCGrabber.h */,
				287451EE1647E11200875BF4 /* CCGrabber.m */,
				287451F01647E11200875BF4 /* CCGrid.h */,
				287451F11647E11200875BF4 /* CCGrid.m */,
				287451F31647E11200875BF4 /* CCLabelAtlas.h */,
				287451F41647E11200875BF4 /* CCLabelAtlas.m */,
				287451F61647E11200875BF4 /* CCLabelBMFont.h */,
				287451F71647E11200875BF4 /* CCLabelBMFont.m */,
				287451F91647E11200875BF4 /* CCLabelTTF.h */,
				287451FA1647E11200875BF4 /* CCLabelTTF.m */,
				287451FC1647E11200875BF4 /* CCLayer.h */,
				287451FD1647E11200875BF4 /* CCLayer.m */,
				287451FF1647E11200875BF4 /* ccMacros.h */,
				287452001647E11200875BF4 /* CCMenu.h */,
				287452011647E11200875BF4 /* CCMenu.m */,
				287452031647E11200875BF4 /* CCMenuItem.h */,
				287452041647E11200875BF4 /* CCMenuItem.m */,
				287452061647E11200875BF4 /* CCMotionStreak.h */,
				287452071647E11200875BF4 /* CCMotionStreak.m */,
				287452091647E11200875BF4 /* CCNode.h */,
				2874520A1647E11200875BF4 /* CCNode.m */,
				2874520C1647E11200875BF4 /* CCParallaxNode.h */,
				2874520D1647E11200875BF4 /* CCParallaxNode.m */,
				2874520F1647E11200875BF4 /* CCParticleExamples.h */,
				287452101647E11200875BF4 /* CCParticleExamples.m */,
				287452121647E11200875BF4 /* CCParticleSystem.h */,
				287452131647E11300875BF4 /* CCParticleSystem.m */,
				287452151647E11300875BF4 /* CCParticleSystemPoint.h */,
				287452161647E11300875BF4 /* CCParticleSystemPoint.m */,
				287452181647E11300875BF4 /* CCParticleSystemQuad.h */,
				287452191647E11300875BF4 /* CCParticleSystemQuad.m */,
				2874521B1647E11300875BF4 /* CCProgressTimer.h */,
				2874521C1647E11300875BF4 /* CCProgressTimer.m */,
				2874521E1647E11300875BF4 /* CCProtocols.h */,
				2874521F1647E11300875BF4 /* CCRenderTexture.h */,
				287452201647E11300875BF4 /* CCRenderTexture.m */,
				287452221647E11300875BF4 /* CCRibbon.h */,
				287452231647E11300875BF4 /* CCRibbon.m */,
				287452251647E11300875BF4 /* CCScene.h */,
				287452261647E11300875BF4 /* CCScene.m */,
				287452281647E11300875BF4 /* CCScheduler.h */,
				287452291647E11300875BF4 /* CCScheduler.m */,
				2874522B1647E11300875BF4 /* CCSprite.h */,
				2874522C1647E11300875BF4 /* CCSprite.m */,
				2874522E1647E11300875BF4 /* CCSpriteBatchNode.h */,
				2874522F1647E11300875BF4 /* CCSpriteBatchNode.m */,
				287452311647E11300875BF4 /* CCSpriteFrame.h */,
				287452321647E11300875BF4 /* CCSpriteFrame.m */,
				287452341647E11300875BF4 /* CCSpriteFrameCache.h */,
				287452351647E11300875BF4 /* CCSpriteFrameCache.m */,
				287452371647E11300875BF4 /* CCTexture2D.h */,
				287452381647E11300875BF4 /* CCTexture2D.m */,
				2874523A1647E11300875BF4 /* CCTextureAtlas.h */,
				2874523B1647E11300875BF4 /* CCTextureAtlas.m */,
				2874523D1647E11300875BF4 /* CCTextureCache.h */,
				2874523E1647E11300875BF4 /* CCTextureCache.m */,
				287452401647E11300875BF4 /* CCTexturePVR.h */,
				287452411647E11300875BF4 /* CCTexturePVR.m */,
				287452431647E11300875BF4 /* CCTileMapAtlas.h */,
				287452441647E11300875BF4 /* CCTileMapAtlas.m */,
				287452461647E11400875BF4 /* CCTMXLayer.h */,
				287452471647E11400875BF4 /* CCTMXLayer.m */,
				287452491647E11400875BF4 /* CCTMXObjectGroup.h */,
				2874524A1647E11400875BF4 /* CCTMXObjectGroup.m */,
				2874524C1647E11400875BF4 /* CCTMXTiledMap.h */,
				2874524D1647E11400875BF4 /* CCTMXTiledMap.m */,
				2874524F1647E11400875BF4 /* CCTMXXMLParser.h */,
				287452501647E11400875BF4 /* CCTMXXMLParser.m */,
				287452521647E11400875BF4 /* CCTransition.h */,
				287452531647E11400875BF4 /* CCTransition.m */,
				287452551647E11400875BF4 /* CCTransitionPageTurn.h */,
				287452561647E11400875BF4 /* CCTransitionPageTurn.m */,
				287452581647E11400875BF4 /* CCTransitionRadial.h */,
				287452591647E11400875BF4 /* CCTransitionRadial.m */,
				2874525B1647E11400875BF4 /* ccTypes.h */,
				2874525C1647E11400875BF4 /* cocos2d.h */,
				2874525D1647E11400875BF4 /* cocos2d.m */,
				2874525F1647E11400875BF4 /* Platforms */,
				287452841647E11500875BF4 /* Support */,
			);
			name = cocos2d;
			sourceTree = "<group>";
		};
		2874525F1647E11400875BF4 /* Platforms */ = {
			isa = PBXGroup;
			children = (
				287452601647E11400875BF4 /* CCGL.h */,
				287452611647E11500875BF4 /* CCNS.h */,
				287452621647E11500875BF4 /* iOS */,
				287452771647E11500875BF4 /* Mac */,
			);
			name = Platforms;
			sourceTree = "<group>";
		};
		287452621647E11500875BF4 /* iOS */ = {
			isa = PBXGroup;
			children = (
				287452631647E11500875BF4 /* CCDirectorIOS.h */,
				287452641647E11500875BF4 /* CCDirectorIOS.m */,
				287452661647E11500875BF4 /* CCTouchDelegateProtocol.h */,
				287452671647E11500875BF4 /* CCTouchDispatcher.h */,
				287452681647E11500875BF4 /* CCTouchDispatcher.m */,
				2874526A1647E11500875BF4 /* CCTouchHandler.h */,
				2874526B1647E11500875BF4 /* CCTouchHandler.m */,
				2874526D1647E11500875BF4 /* EAGLView.h */,
				2874526E1647E11500875BF4 /* EAGLView.m */,
				287452701647E11500875BF4 /* ES1Renderer.h */,
				287452711647E11500875BF4 /* ES1Renderer.m */,
				287452731647E11500875BF4 /* ESRenderer.h */,
				287452741647E11500875BF4 /* glu.c */,
				287452761647E11500875BF4 /* glu.h */,
			);
			name = iOS;
			sourceTree = "<group>";
		};
		287452771647E11500875BF4 /* Mac */ = {
			isa = PBXGroup;
			children = (
				287452781647E11500875BF4 /* CCDirectorMac.h */,
				287452791647E11500875BF4 /* CCDirectorMac.m */,
				2874527B1647E11500875BF4 /* CCEventDispatcher.h */,
				2874527C1647E11500875BF4 /* CCEventDispatcher.m */,
				2874527E1647E11500875BF4 /* MacGLView.h */,
				2874527F1647E11500875BF4 /* MacGLView.m */,
				287452811647E11500875BF4 /* MacWindow.h */,
				287452821647E11500875BF4 /* MacWindow.m */,
			);
			name = Mac;
			sourceTree = "<group>";
		};
		287452841647E11500875BF4 /* Support */ = {
			isa = PBXGroup;
			children = (
				287452851647E11500875BF4 /* base64.c */,
				287452871647E11500875BF4 /* base64.h */,
				287452881647E11500875BF4 /* CCArray.h */,
				287452891647E11600875BF4 /* CCArray.m */,
				2874528B1647E11600875BF4 /* ccCArray.h */,
				2874528C1647E11600875BF4 /* CCFileUtils.h */,
				2874528D1647E11600875BF4 /* CCFileUtils.m */,
				2874528F1647E11600875BF4 /* CCProfiling.h */,
				287452901647E11600875BF4 /* CCProfiling.m */,
				287452921647E11600875BF4 /* ccUtils.c */,
				287452941647E11600875BF4 /* ccUtils.h */,
				287452951647E11600875BF4 /* CGPointExtension.h */,
				287452961647E11600875BF4 /* CGPointExtension.m */,
				287452981647E11600875BF4 /* OpenGL_Internal.h */,
				287452991647E11700875BF4 /* TGAlib.h */,
				2874529A1647E11700875BF4 /* TGAlib.m */,
				2874529C1647E11700875BF4 /* TransformUtils.h */,
				2874529D1647E11700875BF4 /* TransformUtils.m */,
				2874529F1647E11700875BF4 /* uthash.h */,
				287452A01647E11700875BF4 /* utlist.h */,
				287452A11647E11700875BF4 /* ZipUtils.h */,
				287452A21647E11700875BF4 /* ZipUtils.m */,
			);
			name = Support;
			sourceTree = "<group>";
		};
		287452A51647E11700875BF4 /* CocosDenshion */ = {
			isa = PBXGroup;
			children = (
				287452A61647E11700875BF4 /* CDAudioManager.h */,
				287452A71647E11700875BF4 /* CDAudioManager.m */,
				287452A91647E11800875BF4 /* CDConfig.h */,
				287452AA1647E11800875BF4 /* CDOpenALSupport.h */,
				287452AB1647E11800875BF4 /* CDOpenALSupport.m */,
				287452AD1647E11800875BF4 /* CocosDenshion.h */,
				287452AE1647E11800875BF4 /* CocosDenshion.m */,
				287452B01647E11800875BF4 /* SimpleAudioEngine.h */,
				287452B11647E11800875BF4 /* SimpleAudioEngine.m */,
			);
			name = CocosDenshion;
			sourceTree = "<group>";
		};
		287452B41647E11900875BF4 /* cocoslive */ = {
			isa = PBXGroup;
			children = (
				287452B51647E11900875BF4 /* CLScoreServerPost.h */,
				287452B61647E11900875BF4 /* CLScoreServerPost.m */,
				287452B81647E11900875BF4 /* CLScoreServerRequest.h */,
				287452B91647E11900875BF4 /* CLScoreServerRequest.m */,
				287452BB1647E11900875BF4 /* cocoslive.h */,
				287452BC1647E11900875BF4 /* cocoslive.m */,
			);
			name = cocoslive;
			sourceTree = "<group>";
		};
		287452BF1647E11900875BF4 /* TouchJSON */ = {
			isa = PBXGroup;
			children = (
				287452C01647E11900875BF4 /* CDataScanner.h */,
				287452C11647E11900875BF4 /* CDataScanner.m */,
				287452C31647E11900875BF4 /* Extensions */,
				287452CA1647E11A00875BF4 /* JSON */,
			);
			name = TouchJSON;
			sourceTree = "<group>";
		};
		287452C31647E11900875BF4 /* Extensions */ = {
			isa = PBXGroup;
			children = (
				287452C41647E11900875BF4 /* CDataScanner_Extensions.h */,
				287452C51647E11900875BF4 /* CDataScanner_Extensions.m */,
				287452C71647E11900875BF4 /* NSDictionary_JSONExtensions.h */,
				287452C81647E11900875BF4 /* NSDictionary_JSONExtensions.m */,
			);
			name = Extensions;
			sourceTree = "<group>";
		};
		287452CA1647E11A00875BF4 /* JSON */ = {
			isa = PBXGroup;
			children = (
				287452CB1647E11A00875BF4 /* CJSONDeserializer.h */,
				287452CC1647E11B00875BF4 /* CJSONDeserializer.m */,
				287452CE1647E11C00875BF4 /* CJSONScanner.h */,
				287452CF1647E11E00875BF4 /* CJSONScanner.m */,
				287452D11647E11E00875BF4 /* CJSONSerializer.h */,
				287452D21647E11E00875BF4 /* CJSONSerializer.m */,
				287452D41647E11F00875BF4 /* JSONRepresentation.h */,
			);
			name = JSON;
			sourceTree = "<group>";
		};
		287452D51647E11F00875BF4 /* FontLabel */ = {
			isa = PBXGroup;
			children = (
				287452D61647E11F00875BF4 /* FontLabel.h */,
				287452D71647E11F00875BF4 /* FontLabel.m */,
				287452D91647E12100875BF4 /* FontLabelStringDrawing.h */,
				287452DA1647E12100875BF4 /* FontLabelStringDrawing.m */,
				287452DC1647E12100875BF4 /* FontManager.h */,
				287452DD1647E12100875BF4 /* FontManager.m */,
				287452DF1647E12100875BF4 /* ZAttributedString.h */,
				287452E01647E12100875BF4 /* ZAttributedString.m */,
				287452E21647E12200875BF4 /* ZAttributedStringPrivate.h */,
				287452E31647E12200875BF4 /* ZFont.h */,
				287452E41647E12200875BF4 /* ZFont.m */,
			);
			name = FontLabel;
			sourceTree = "<group>";
		};
		287452E71647E12400875BF4 /* Supporting Files */ = {
			isa = PBXGroup;
			children = (
				287452E81647E12400875BF4 /* Prefix.pch */,
				287452E91647E12400875BF4 /* main.m */,
			);
			name = "Supporting Files";
			sourceTree = "<group>";
		};
		288A1B3D16D64D6000AFECE7 /* NTTexureMotify */ = {
			isa = PBXGroup;
			children = (
				64FD1A2716648196009C4593 /* NTFadeToGrayAction.h */,
				64FD1A2816648197009C4593 /* NTFadeToGrayAction.m */,
				28C27D9D16494274001BD363 /* CCSprite+FadeToGrayAction.h */,
				28C27D9E16494274001BD363 /* CCSprite+FadeToGrayAction.m */,
			);
			name = NTTexureMotify;
			sourceTree = "<group>";
		};
/* End PBXGroup section */

/* Begin PBXNativeTarget section */
		287451841647E11100875BF4 /* TextureMotify */ = {
			isa = PBXNativeTarget;
			buildConfigurationList = 287452F71647E12600875BF4 /* Build configuration list for PBXNativeTarget "TextureMotify" */;
			buildPhases = (
				287451811647E11100875BF4 /* Sources */,
				287451821647E11100875BF4 /* Frameworks */,
				287451831647E11100875BF4 /* Resources */,
			);
			buildRules = (
			);
			dependencies = (
			);
			name = TextureMotify;
			productName = TextureMotify;
			productReference = 287451851647E11100875BF4 /* TextureMotify.app */;
			productType = "com.apple.product-type.application";
		};
/* End PBXNativeTarget section */

/* Begin PBXProject section */
		2874517C1647E11100875BF4 /* Project object */ = {
			isa = PBXProject;
			attributes = {
				LastUpgradeCheck = 0430;
			};
			buildConfigurationList = 2874517F1647E11100875BF4 /* Build configuration list for PBXProject "TextureMotify" */;
			compatibilityVersion = "Xcode 3.2";
			developmentRegion = English;
			hasScannedForEncodings = 0;
			knownRegions = (
				en,
			);
			mainGroup = 2874517A1647E11100875BF4;
			productRefGroup = 287451861647E11100875BF4 /* Products */;
			projectDirPath = "";
			projectRoot = "";
			targets = (
				287451841647E11100875BF4 /* TextureMotify */,
			);
		};
/* End PBXProject section */

/* Begin PBXResourcesBuildPhase section */
		287451831647E11100875BF4 /* Resources */ = {
			isa = PBXResourcesBuildPhase;
			buildActionMask = 2147483647;
			files = (
				2874519C1647E11100875BF4 /* Default.png in Resources */,
				2874519E1647E11100875BF4 /* fps_images.png in Resources */,
				287451A01647E11100875BF4 /* Icon-72.png in Resources */,
				287451A21647E11100875BF4 /* Icon-Small-50.png in Resources */,
				287451A41647E11100875BF4 /* Icon-Small.png in Resources */,
				287451A61647E11100875BF4 /* Icon-Small@2x.png in Resources */,
				287451A81647E11100875BF4 /* Icon.png in Resources */,
				287451AA1647E11100875BF4 /* Icon@2x.png in Resources */,
				287451AD1647E11100875BF4 /* iTunesArtwork in Resources */,
				28488E071648046A005E1596 /* ui_texture.png in Resources */,
				28488E081648046A005E1596 /* ui_texture.plist in Resources */,
			);
			runOnlyForDeploymentPostprocessing = 0;
		};
/* End PBXResourcesBuildPhase section */

/* Begin PBXSourcesBuildPhase section */
		287451811647E11100875BF4 /* Sources */ = {
			isa = PBXSourcesBuildPhase;
			buildActionMask = 2147483647;
			files = (
				287451B21647E11100875BF4 /* CCAction.m in Sources */,
				287451B51647E11100875BF4 /* CCActionCamera.m in Sources */,
				287451B81647E11100875BF4 /* CCActionEase.m in Sources */,
				287451BB1647E11100875BF4 /* CCActionGrid.m in Sources */,
				287451BE1647E11100875BF4 /* CCActionGrid3D.m in Sources */,
				287451C11647E11100875BF4 /* CCActionInstant.m in Sources */,
				287451C41647E11100875BF4 /* CCActionInterval.m in Sources */,
				287451C71647E11100875BF4 /* CCActionManager.m in Sources */,
				287451CA1647E11200875BF4 /* CCActionPageTurn3D.m in Sources */,
				287451CD1647E11200875BF4 /* CCActionProgressTimer.m in Sources */,
				287451D01647E11200875BF4 /* CCActionTiledGrid.m in Sources */,
				287451D31647E11200875BF4 /* CCActionTween.m in Sources */,
				287451D61647E11200875BF4 /* CCAnimation.m in Sources */,
				287451D91647E11200875BF4 /* CCAnimationCache.m in Sources */,
				287451DC1647E11200875BF4 /* CCAtlasNode.m in Sources */,
				287451DF1647E11200875BF4 /* CCBlockSupport.m in Sources */,
				287451E21647E11200875BF4 /* CCCamera.m in Sources */,
				287451E61647E11200875BF4 /* CCConfiguration.m in Sources */,
				287451E91647E11200875BF4 /* CCDirector.m in Sources */,
				287451EC1647E11200875BF4 /* CCDrawingPrimitives.m in Sources */,
				287451EF1647E11200875BF4 /* CCGrabber.m in Sources */,
				287451F21647E11200875BF4 /* CCGrid.m in Sources */,
				287451F51647E11200875BF4 /* CCLabelAtlas.m in Sources */,
				287451F81647E11200875BF4 /* CCLabelBMFont.m in Sources */,
				287451FB1647E11200875BF4 /* CCLabelTTF.m in Sources */,
				287451FE1647E11200875BF4 /* CCLayer.m in Sources */,
				287452021647E11200875BF4 /* CCMenu.m in Sources */,
				287452051647E11200875BF4 /* CCMenuItem.m in Sources */,
				287452081647E11200875BF4 /* CCMotionStreak.m in Sources */,
				2874520B1647E11200875BF4 /* CCNode.m in Sources */,
				2874520E1647E11200875BF4 /* CCParallaxNode.m in Sources */,
				287452111647E11200875BF4 /* CCParticleExamples.m in Sources */,
				287452141647E11300875BF4 /* CCParticleSystem.m in Sources */,
				287452171647E11300875BF4 /* CCParticleSystemPoint.m in Sources */,
				2874521A1647E11300875BF4 /* CCParticleSystemQuad.m in Sources */,
				2874521D1647E11300875BF4 /* CCProgressTimer.m in Sources */,
				287452211647E11300875BF4 /* CCRenderTexture.m in Sources */,
				287452241647E11300875BF4 /* CCRibbon.m in Sources */,
				287452271647E11300875BF4 /* CCScene.m in Sources */,
				2874522A1647E11300875BF4 /* CCScheduler.m in Sources */,
				2874522D1647E11300875BF4 /* CCSprite.m in Sources */,
				287452301647E11300875BF4 /* CCSpriteBatchNode.m in Sources */,
				287452331647E11300875BF4 /* CCSpriteFrame.m in Sources */,
				287452361647E11300875BF4 /* CCSpriteFrameCache.m in Sources */,
				287452391647E11300875BF4 /* CCTexture2D.m in Sources */,
				2874523C1647E11300875BF4 /* CCTextureAtlas.m in Sources */,
				2874523F1647E11300875BF4 /* CCTextureCache.m in Sources */,
				287452421647E11300875BF4 /* CCTexturePVR.m in Sources */,
				287452451647E11300875BF4 /* CCTileMapAtlas.m in Sources */,
				287452481647E11400875BF4 /* CCTMXLayer.m in Sources */,
				2874524B1647E11400875BF4 /* CCTMXObjectGroup.m in Sources */,
				2874524E1647E11400875BF4 /* CCTMXTiledMap.m in Sources */,
				287452511647E11400875BF4 /* CCTMXXMLParser.m in Sources */,
				287452541647E11400875BF4 /* CCTransition.m in Sources */,
				287452571647E11400875BF4 /* CCTransitionPageTurn.m in Sources */,
				2874525A1647E11400875BF4 /* CCTransitionRadial.m in Sources */,
				2874525E1647E11400875BF4 /* cocos2d.m in Sources */,
				287452651647E11500875BF4 /* CCDirectorIOS.m in Sources */,
				287452691647E11500875BF4 /* CCTouchDispatcher.m in Sources */,
				2874526C1647E11500875BF4 /* CCTouchHandler.m in Sources */,
				2874526F1647E11500875BF4 /* EAGLView.m in Sources */,
				287452721647E11500875BF4 /* ES1Renderer.m in Sources */,
				287452751647E11500875BF4 /* glu.c in Sources */,
				2874527A1647E11500875BF4 /* CCDirectorMac.m in Sources */,
				2874527D1647E11500875BF4 /* CCEventDispatcher.m in Sources */,
				287452801647E11500875BF4 /* MacGLView.m in Sources */,
				287452831647E11500875BF4 /* MacWindow.m in Sources */,
				287452861647E11500875BF4 /* base64.c in Sources */,
				2874528A1647E11600875BF4 /* CCArray.m in Sources */,
				2874528E1647E11600875BF4 /* CCFileUtils.m in Sources */,
				287452911647E11600875BF4 /* CCProfiling.m in Sources */,
				287452931647E11600875BF4 /* ccUtils.c in Sources */,
				287452971647E11600875BF4 /* CGPointExtension.m in Sources */,
				2874529B1647E11700875BF4 /* TGAlib.m in Sources */,
				2874529E1647E11700875BF4 /* TransformUtils.m in Sources */,
				287452A31647E11700875BF4 /* ZipUtils.m in Sources */,
				287452A81647E11700875BF4 /* CDAudioManager.m in Sources */,
				287452AC1647E11800875BF4 /* CDOpenALSupport.m in Sources */,
				287452AF1647E11800875BF4 /* CocosDenshion.m in Sources */,
				287452B21647E11800875BF4 /* SimpleAudioEngine.m in Sources */,
				287452B71647E11900875BF4 /* CLScoreServerPost.m in Sources */,
				287452BA1647E11900875BF4 /* CLScoreServerRequest.m in Sources */,
				287452BD1647E11900875BF4 /* cocoslive.m in Sources */,
				287452C21647E11900875BF4 /* CDataScanner.m in Sources */,
				287452C61647E11900875BF4 /* CDataScanner_Extensions.m in Sources */,
				287452C91647E11900875BF4 /* NSDictionary_JSONExtensions.m in Sources */,
				287452CD1647E11B00875BF4 /* CJSONDeserializer.m in Sources */,
				287452D01647E11E00875BF4 /* CJSONScanner.m in Sources */,
				287452D31647E11E00875BF4 /* CJSONSerializer.m in Sources */,
				287452D81647E11F00875BF4 /* FontLabel.m in Sources */,
				287452DB1647E12100875BF4 /* FontLabelStringDrawing.m in Sources */,
				287452DE1647E12100875BF4 /* FontManager.m in Sources */,
				287452E11647E12100875BF4 /* ZAttributedString.m in Sources */,
				287452E51647E12200875BF4 /* ZFont.m in Sources */,
				287452EA1647E12400875BF4 /* main.m in Sources */,
				287452ED1647E12500875BF4 /* AppDelegate.m in Sources */,
				287452F01647E12600875BF4 /* RootViewController.m in Sources */,
				287452F31647E12600875BF4 /* HelloWorldLayer.m in Sources */,
				28745315164802C300875BF4 /* CCTexture2DMutable.m in Sources */,
				28C27D9F16494274001BD363 /* CCSprite+FadeToGrayAction.m in Sources */,
				64FD1A2916648197009C4593 /* NTFadeToGrayAction.m in Sources */,
			);
			runOnlyForDeploymentPostprocessing = 0;
		};
/* End PBXSourcesBuildPhase section */

/* Begin XCBuildConfiguration section */
		287452F51647E12600875BF4 /* Debug */ = {
			isa = XCBuildConfiguration;
			buildSettings = {
				ARCHS = "$(ARCHS_STANDARD_32_BIT)";
				"CODE_SIGN_IDENTITY[sdk=iphoneos*]" = "iPhone Developer";
				GCC_C_LANGUAGE_STANDARD = gnu99;
				GCC_OPTIMIZATION_LEVEL = 0;
				GCC_PREPROCESSOR_DEFINITIONS = (
					DEBUG,
					"COCOS2D_DEBUG=1",
				);
				GCC_SYMBOLS_PRIVATE_EXTERN = NO;
				GCC_VERSION = com.apple.compilers.llvmgcc42;
				GCC_WARN_ABOUT_RETURN_TYPE = YES;
				GCC_WARN_UNUSED_VARIABLE = YES;
				IPHONEOS_DEPLOYMENT_TARGET = 5.1;
				SDKROOT = iphoneos;
			};
			name = Debug;
		};
		287452F61647E12600875BF4 /* Release */ = {
			isa = XCBuildConfiguration;
			buildSettings = {
				ARCHS = "$(ARCHS_STANDARD_32_BIT)";
				"CODE_SIGN_IDENTITY[sdk=iphoneos*]" = "iPhone Developer";
				GCC_C_LANGUAGE_STANDARD = gnu99;
				GCC_PREPROCESSOR_DEFINITIONS = NDEBUG;
				GCC_VERSION = com.apple.compilers.llvmgcc42;
				GCC_WARN_ABOUT_RETURN_TYPE = YES;
				GCC_WARN_UNUSED_VARIABLE = YES;
				IPHONEOS_DEPLOYMENT_TARGET = 5.1;
				OTHER_CFLAGS = "-DNS_BLOCK_ASSERTIONS=1";
				SDKROOT = iphoneos;
			};
			name = Release;
		};
		287452F81647E12600875BF4 /* Debug */ = {
			isa = XCBuildConfiguration;
			buildSettings = {
				ALWAYS_SEARCH_USER_PATHS = NO;
				COPY_PHASE_STRIP = NO;
				GCC_DYNAMIC_NO_PIC = NO;
				GCC_PRECOMPILE_PREFIX_HEADER = YES;
				GCC_PREFIX_HEADER = TextureMotify/Prefix.pch;
				"GCC_THUMB_SUPPORT[arch=armv6]" = "";
				GCC_VERSION = com.apple.compilers.llvm.clang.1_0;
				INFOPLIST_FILE = TextureMotify/Resources/Info.plist;
				OTHER_LDFLAGS = "-lz";
				PRODUCT_NAME = "$(TARGET_NAME)";
				WRAPPER_EXTENSION = app;
			};
			name = Debug;
		};
		287452F91647E12600875BF4 /* Release */ = {
			isa = XCBuildConfiguration;
			buildSettings = {
				ALWAYS_SEARCH_USER_PATHS = NO;
				COPY_PHASE_STRIP = YES;
				GCC_PRECOMPILE_PREFIX_HEADER = YES;
				GCC_PREFIX_HEADER = TextureMotify/Prefix.pch;
				"GCC_THUMB_SUPPORT[arch=armv6]" = "";
				GCC_VERSION = com.apple.compilers.llvm.clang.1_0;
				INFOPLIST_FILE = TextureMotify/Resources/Info.plist;
				OTHER_LDFLAGS = "-lz";
				PRODUCT_NAME = "$(TARGET_NAME)";
				VALIDATE_PRODUCT = YES;
				WRAPPER_EXTENSION = app;
			};
			name = Release;
		};
/* End XCBuildConfiguration section */

/* Begin XCConfigurationList section */
		2874517F1647E11100875BF4 /* Build configuration list for PBXProject "TextureMotify" */ = {
			isa = XCConfigurationList;
			buildConfigurations = (
				287452F51647E12600875BF4 /* Debug */,
				287452F61647E12600875BF4 /* Release */,
			);
			defaultConfigurationIsVisible = 0;
			defaultConfigurationName = Release;
		};
		287452F71647E12600875BF4 /* Build configuration list for PBXNativeTarget "TextureMotify" */ = {
			isa = XCConfigurationList;
			buildConfigurations = (
				287452F81647E12600875BF4 /* Debug */,
				287452F91647E12600875BF4 /* Release */,
			);
			defaultConfigurationIsVisible = 0;
			defaultConfigurationName = Release;
		};
/* End XCConfigurationList section */
	};
	rootObject = 2874517C1647E11100875BF4 /* Project object */;
}
